// !$*UTF8*$!
{
	archiveVersion = 1;
	classes = {
	};
	objectVersion = 56;
	objects = {

/* Begin PBXBuildFile section */
		0C08B0E02BDA10DB00276A62 /* LandmarksApp.swift in Sources */ = {isa = PBXBuildFile; fileRef = 0C08B0DF2BDA10DB00276A62 /* LandmarksApp.swift */; };
		0C08B0E22BDA10DB00276A62 /* ContentView.swift in Sources */ = {isa = PBXBuildFile; fileRef = 0C08B0E12BDA10DB00276A62 /* ContentView.swift */; };
		0C08B0E42BDA10DC00276A62 /* Assets.xcassets in Resources */ = {isa = PBXBuildFile; fileRef = 0C08B0E32BDA10DC00276A62 /* Assets.xcassets */; };
		0C08B0E72BDA10DC00276A62 /* Preview Assets.xcassets in Resources */ = {isa = PBXBuildFile; fileRef = 0C08B0E62BDA10DC00276A62 /* Preview Assets.xcassets */; };
		0C08B0F12BDA10DC00276A62 /* LandmarksTests.swift in Sources */ = {isa = PBXBuildFile; fileRef = 0C08B0F02BDA10DC00276A62 /* LandmarksTests.swift */; };
		0C08B0FB2BDA10DC00276A62 /* LandmarksUITests.swift in Sources */ = {isa = PBXBuildFile; fileRef = 0C08B0FA2BDA10DC00276A62 /* LandmarksUITests.swift */; };
		0C08B0FD2BDA10DC00276A62 /* LandmarksUITestsLaunchTests.swift in Sources */ = {isa = PBXBuildFile; fileRef = 0C08B0FC2BDA10DC00276A62 /* LandmarksUITestsLaunchTests.swift */; };
		0C08B10A2BDA16B800276A62 /* CircleImage.swift in Sources */ = {isa = PBXBuildFile; fileRef = 0C08B1092BDA16B800276A62 /* CircleImage.swift */; };
		0C08B10C2BDA17F400276A62 /* MapView.swift in Sources */ = {isa = PBXBuildFile; fileRef = 0C08B10B2BDA17F400276A62 /* MapView.swift */; };
		0C08B10E2BDA29B200276A62 /* Landmark.swift in Sources */ = {isa = PBXBuildFile; fileRef = 0C08B10D2BDA29B200276A62 /* Landmark.swift */; };
		0C08B1112BDA2A5200276A62 /* landmarkData.json in Resources */ = {isa = PBXBuildFile; fileRef = 0C08B1102BDA2A5200276A62 /* landmarkData.json */; };
		0C08B1132BDA2AD000276A62 /* ModelData.swift in Sources */ = {isa = PBXBuildFile; fileRef = 0C08B1122BDA2AD000276A62 /* ModelData.swift */; };
		0C08B1172BDB33F700276A62 /* LandmarkRow.swift in Sources */ = {isa = PBXBuildFile; fileRef = 0C08B1162BDB33F700276A62 /* LandmarkRow.swift */; };
		0C08B1192BDB375500276A62 /* LandmarkList.swift in Sources */ = {isa = PBXBuildFile; fileRef = 0C08B1182BDB375500276A62 /* LandmarkList.swift */; };
		0C08B11B2BDB3AA200276A62 /* LandmarkDetail.swift in Sources */ = {isa = PBXBuildFile; fileRef = 0C08B11A2BDB3AA200276A62 /* LandmarkDetail.swift */; };
		0C08B11D2BDB407300276A62 /* FavoriteButton.swift in Sources */ = {isa = PBXBuildFile; fileRef = 0C08B11C2BDB407300276A62 /* FavoriteButton.swift */; };
		0C08B1212BDB427400276A62 /* HexagonParameters.swift in Sources */ = {isa = PBXBuildFile; fileRef = 0C08B1202BDB427400276A62 /* HexagonParameters.swift */; };
		0C08B1232BDB42D700276A62 /* BadgeBackground.swift in Sources */ = {isa = PBXBuildFile; fileRef = 0C08B1222BDB42D700276A62 /* BadgeBackground.swift */; };
		0C08B1252BDB43A200276A62 /* BadgeSymbol.swift in Sources */ = {isa = PBXBuildFile; fileRef = 0C08B1242BDB43A200276A62 /* BadgeSymbol.swift */; };
		0C08B1272BDB43FD00276A62 /* RotatedBadgeSymbol.swift in Sources */ = {isa = PBXBuildFile; fileRef = 0C08B1262BDB43FD00276A62 /* RotatedBadgeSymbol.swift */; };
		0C08B1292BDB442E00276A62 /* Badge.swift in Sources */ = {isa = PBXBuildFile; fileRef = 0C08B1282BDB442E00276A62 /* Badge.swift */; };
		0C08B12C2BDB47DF00276A62 /* hikeData.json in Resources */ = {isa = PBXBuildFile; fileRef = 0C08B12B2BDB47DF00276A62 /* hikeData.json */; };
		0C08B12E2BDB480100276A62 /* Hike.swift in Sources */ = {isa = PBXBuildFile; fileRef = 0C08B12D2BDB480100276A62 /* Hike.swift */; };
		0C08B1342BDB49E200276A62 /* GraphCapsule.swift in Sources */ = {isa = PBXBuildFile; fileRef = 0C08B1302BDB49E200276A62 /* GraphCapsule.swift */; };
		0C08B1352BDB49E200276A62 /* HikeGraph.swift in Sources */ = {isa = PBXBuildFile; fileRef = 0C08B1312BDB49E200276A62 /* HikeGraph.swift */; };
		0C08B1362BDB49E200276A62 /* HikeDetail.swift in Sources */ = {isa = PBXBuildFile; fileRef = 0C08B1322BDB49E200276A62 /* HikeDetail.swift */; };
		0C08B1372BDB49E200276A62 /* HikeView.swift in Sources */ = {isa = PBXBuildFile; fileRef = 0C08B1332BDB49E200276A62 /* HikeView.swift */; };
		0C08B13C2BDB537100276A62 /* CategoryHome.swift in Sources */ = {isa = PBXBuildFile; fileRef = 0C08B13B2BDB537100276A62 /* CategoryHome.swift */; };
		0C08B13E2BDB543100276A62 /* CategoryRow.swift in Sources */ = {isa = PBXBuildFile; fileRef = 0C08B13D2BDB543100276A62 /* CategoryRow.swift */; };
		0C08B1402BDB555200276A62 /* CategoryItem.swift in Sources */ = {isa = PBXBuildFile; fileRef = 0C08B13F2BDB555200276A62 /* CategoryItem.swift */; };
		0C099CDE2BDB5FD500AFF7CF /* Profile.swift in Sources */ = {isa = PBXBuildFile; fileRef = 0C099CDD2BDB5FD500AFF7CF /* Profile.swift */; };
		0C099CE12BDB600E00AFF7CF /* ProfileHost.swift in Sources */ = {isa = PBXBuildFile; fileRef = 0C099CE02BDB600E00AFF7CF /* ProfileHost.swift */; };
		0C099CE32BDB604300AFF7CF /* ProfileSummary.swift in Sources */ = {isa = PBXBuildFile; fileRef = 0C099CE22BDB604300AFF7CF /* ProfileSummary.swift */; };
		0C099CE52BDC70E400AFF7CF /* HikeBadge.swift in Sources */ = {isa = PBXBuildFile; fileRef = 0C099CE42BDC70E400AFF7CF /* HikeBadge.swift */; };
		0C099CE72BDC747C00AFF7CF /* ProfileEditor.swift in Sources */ = {isa = PBXBuildFile; fileRef = 0C099CE62BDC747C00AFF7CF /* ProfileEditor.swift */; };
		0C099CE92BDCCF8000AFF7CF /* PageViewController.swift in Sources */ = {isa = PBXBuildFile; fileRef = 0C099CE82BDCCF8000AFF7CF /* PageViewController.swift */; };
		0C099CEB2BDCD05800AFF7CF /* FeatureCard.swift in Sources */ = {isa = PBXBuildFile; fileRef = 0C099CEA2BDCD05800AFF7CF /* FeatureCard.swift */; };
		0C099CED2BDCD0BE00AFF7CF /* PageView.swift in Sources */ = {isa = PBXBuildFile; fileRef = 0C099CEC2BDCD0BE00AFF7CF /* PageView.swift */; };
		0C099CEF2BDCD39500AFF7CF /* PageControl.swift in Sources */ = {isa = PBXBuildFile; fileRef = 0C099CEE2BDCD39500AFF7CF /* PageControl.swift */; };
		0C099CFA2BDCDF6B00AFF7CF /* ContentView.swift in Sources */ = {isa = PBXBuildFile; fileRef = 0C099CF92BDCDF6B00AFF7CF /* ContentView.swift */; };
		0C099CFC2BDCDF6D00AFF7CF /* Assets.xcassets in Resources */ = {isa = PBXBuildFile; fileRef = 0C099CFB2BDCDF6D00AFF7CF /* Assets.xcassets */; };
		0C099CFF2BDCDF6D00AFF7CF /* Preview Assets.xcassets in Resources */ = {isa = PBXBuildFile; fileRef = 0C099CFE2BDCDF6D00AFF7CF /* Preview Assets.xcassets */; };
		0C099D092BDCDF6D00AFF7CF /* WatchLandmarks_Watch_AppTests.swift in Sources */ = {isa = PBXBuildFile; fileRef = 0C099D082BDCDF6D00AFF7CF /* WatchLandmarks_Watch_AppTests.swift */; };
		0C099D132BDCDF6D00AFF7CF /* WatchLandmarks_Watch_AppUITests.swift in Sources */ = {isa = PBXBuildFile; fileRef = 0C099D122BDCDF6D00AFF7CF /* WatchLandmarks_Watch_AppUITests.swift */; };
		0C099D152BDCDF6D00AFF7CF /* WatchLandmarks_Watch_AppUITestsLaunchTests.swift in Sources */ = {isa = PBXBuildFile; fileRef = 0C099D142BDCDF6D00AFF7CF /* WatchLandmarks_Watch_AppUITestsLaunchTests.swift */; };
		0C099D182BDCDF6D00AFF7CF /* WatchLandmarks Watch App.app in Embed Watch Content */ = {isa = PBXBuildFile; fileRef = 0C099CF52BDCDF6B00AFF7CF /* WatchLandmarks Watch App.app */; settings = {ATTRIBUTES = (RemoveHeadersOnCopy, ); }; };
		0C099D242BDF4E6D00AFF7CF /* LandmarkRow.swift in Sources */ = {isa = PBXBuildFile; fileRef = 0C08B1162BDB33F700276A62 /* LandmarkRow.swift */; };
		0C099D262BDF4E6D00AFF7CF /* ModelData.swift in Sources */ = {isa = PBXBuildFile; fileRef = 0C08B1122BDA2AD000276A62 /* ModelData.swift */; };
		0C099D272BDF4E6D00AFF7CF /* MapView.swift in Sources */ = {isa = PBXBuildFile; fileRef = 0C08B10B2BDA17F400276A62 /* MapView.swift */; };
		0C099D282BDF4E6D00AFF7CF /* Profile.swift in Sources */ = {isa = PBXBuildFile; fileRef = 0C099CDD2BDB5FD500AFF7CF /* Profile.swift */; };
		0C099D292BDF4E6D00AFF7CF /* LandmarksApp.swift in Sources */ = {isa = PBXBuildFile; fileRef = 0C08B0DF2BDA10DB00276A62 /* LandmarksApp.swift */; };
		0C099D2A2BDF4E6D00AFF7CF /* landmarkData.json in Resources */ = {isa = PBXBuildFile; fileRef = 0C08B1102BDA2A5200276A62 /* landmarkData.json */; };
		0C099D2B2BDF4E6D00AFF7CF /* hikeData.json in Resources */ = {isa = PBXBuildFile; fileRef = 0C08B12B2BDB47DF00276A62 /* hikeData.json */; };
		0C099D2C2BDF4E6D00AFF7CF /* Hike.swift in Sources */ = {isa = PBXBuildFile; fileRef = 0C08B12D2BDB480100276A62 /* Hike.swift */; };
		0C099D2D2BDF4E6D00AFF7CF /* CircleImage.swift in Sources */ = {isa = PBXBuildFile; fileRef = 0C08B1092BDA16B800276A62 /* CircleImage.swift */; };
		0C099D2F2BDF4F8000AFF7CF /* LandmarkDetail.swift in Sources */ = {isa = PBXBuildFile; fileRef = 0C099D2E2BDF4F8000AFF7CF /* LandmarkDetail.swift */; };
		0C099D312BDF55D100AFF7CF /* NotificationView.swift in Sources */ = {isa = PBXBuildFile; fileRef = 0C099D302BDF55D100AFF7CF /* NotificationView.swift */; };
		0C099D332BDF565E00AFF7CF /* NotificationController.swift in Sources */ = {isa = PBXBuildFile; fileRef = 0C099D322BDF565E00AFF7CF /* NotificationController.swift */; };
		0C099D3E2BE0B2E300AFF7CF /* ContentView.swift in Sources */ = {isa = PBXBuildFile; fileRef = 0C099D3D2BE0B2E300AFF7CF /* ContentView.swift */; };
		0C099D402BE0B2E500AFF7CF /* Assets.xcassets in Resources */ = {isa = PBXBuildFile; fileRef = 0C099D3F2BE0B2E500AFF7CF /* Assets.xcassets */; };
		0C099D432BE0B2E500AFF7CF /* Preview Assets.xcassets in Resources */ = {isa = PBXBuildFile; fileRef = 0C099D422BE0B2E500AFF7CF /* Preview Assets.xcassets */; };
		0C099D4E2BE0B2E500AFF7CF /* MacLandmarksTests.swift in Sources */ = {isa = PBXBuildFile; fileRef = 0C099D4D2BE0B2E500AFF7CF /* MacLandmarksTests.swift */; };
		0C099D582BE0B2E500AFF7CF /* MacLandmarksUITests.swift in Sources */ = {isa = PBXBuildFile; fileRef = 0C099D572BE0B2E500AFF7CF /* MacLandmarksUITests.swift */; };
		0C099D5A2BE0B2E500AFF7CF /* MacLandmarksUITestsLaunchTests.swift in Sources */ = {isa = PBXBuildFile; fileRef = 0C099D592BE0B2E500AFF7CF /* MacLandmarksUITestsLaunchTests.swift */; };
		0C099D642BE0B3AA00AFF7CF /* LandmarksApp.swift in Sources */ = {isa = PBXBuildFile; fileRef = 0C08B0DF2BDA10DB00276A62 /* LandmarksApp.swift */; };
		0C099D652BE0B44D00AFF7CF /* Profile.swift in Sources */ = {isa = PBXBuildFile; fileRef = 0C099CDD2BDB5FD500AFF7CF /* Profile.swift */; };
		0C099D662BE0B44D00AFF7CF /* ModelData.swift in Sources */ = {isa = PBXBuildFile; fileRef = 0C08B1122BDA2AD000276A62 /* ModelData.swift */; };
		0C099D672BE0B44D00AFF7CF /* Hike.swift in Sources */ = {isa = PBXBuildFile; fileRef = 0C08B12D2BDB480100276A62 /* Hike.swift */; };
		0C099D682BE0B44D00AFF7CF /* LandmarkRow.swift in Sources */ = {isa = PBXBuildFile; fileRef = 0C08B1162BDB33F700276A62 /* LandmarkRow.swift */; };
		0C099D692BE0B44D00AFF7CF /* LandmarkList.swift in Sources */ = {isa = PBXBuildFile; fileRef = 0C08B1182BDB375500276A62 /* LandmarkList.swift */; };
		0C099D6A2BE0B44D00AFF7CF /* CircleImage.swift in Sources */ = {isa = PBXBuildFile; fileRef = 0C08B1092BDA16B800276A62 /* CircleImage.swift */; };
		0C099D6B2BE0B44D00AFF7CF /* MapView.swift in Sources */ = {isa = PBXBuildFile; fileRef = 0C08B10B2BDA17F400276A62 /* MapView.swift */; };
		0C099D6C2BE0B44D00AFF7CF /* landmarkData.json in Resources */ = {isa = PBXBuildFile; fileRef = 0C08B1102BDA2A5200276A62 /* landmarkData.json */; };
		0C099D6D2BE0B44D00AFF7CF /* hikeData.json in Resources */ = {isa = PBXBuildFile; fileRef = 0C08B12B2BDB47DF00276A62 /* hikeData.json */; };
		0C099D6E2BE0B44D00AFF7CF /* Landmark.swift in Sources */ = {isa = PBXBuildFile; fileRef = 0C08B10D2BDA29B200276A62 /* Landmark.swift */; };
		0C099D702BE0B45200AFF7CF /* Landmark.swift in Sources */ = {isa = PBXBuildFile; fileRef = 0C08B10D2BDA29B200276A62 /* Landmark.swift */; };
		0C099D732BE0B5E800AFF7CF /* FavoriteButton.swift in Sources */ = {isa = PBXBuildFile; fileRef = 0C08B11C2BDB407300276A62 /* FavoriteButton.swift */; };
		0C099D742BE0B60500AFF7CF /* Assets.xcassets in Resources */ = {isa = PBXBuildFile; fileRef = 0C08B0E32BDA10DC00276A62 /* Assets.xcassets */; };
		0C099D752BE0B61F00AFF7CF /* Assets.xcassets in Resources */ = {isa = PBXBuildFile; fileRef = 0C08B0E32BDA10DC00276A62 /* Assets.xcassets */; };
		0C099D762BE0B61F00AFF7CF /* FavoriteButton.swift in Sources */ = {isa = PBXBuildFile; fileRef = 0C08B11C2BDB407300276A62 /* FavoriteButton.swift */; };
		0C099D782BE0B66400AFF7CF /* LandmarkDetail.swift in Sources */ = {isa = PBXBuildFile; fileRef = 0C099D772BE0B66400AFF7CF /* LandmarkDetail.swift */; };
		0C7691BD2BE355D800F3C996 /* LandmarkList.swift in Sources */ = {isa = PBXBuildFile; fileRef = 0C7691BC2BE355D800F3C996 /* LandmarkList.swift */; };
		0C7691BF2BE358D700F3C996 /* LandmarkCommands.swift in Sources */ = {isa = PBXBuildFile; fileRef = 0C7691BE2BE358D700F3C996 /* LandmarkCommands.swift */; };
		0C7691C02BE358D700F3C996 /* LandmarkCommands.swift in Sources */ = {isa = PBXBuildFile; fileRef = 0C7691BE2BE358D700F3C996 /* LandmarkCommands.swift */; };
		0C7691C22BE35BA500F3C996 /* LandmarkSettings.swift in Sources */ = {isa = PBXBuildFile; fileRef = 0C7691C12BE35BA500F3C996 /* LandmarkSettings.swift */; };
/* End PBXBuildFile section */

/* Begin PBXContainerItemProxy section */
		0C08B0ED2BDA10DC00276A62 /* PBXContainerItemProxy */ = {
			isa = PBXContainerItemProxy;
			containerPortal = 0C08B0D42BDA10DB00276A62 /* Project object */;
			proxyType = 1;
			remoteGlobalIDString = 0C08B0DB2BDA10DB00276A62;
			remoteInfo = Landmarks;
		};
		0C08B0F72BDA10DC00276A62 /* PBXContainerItemProxy */ = {
			isa = PBXContainerItemProxy;
			containerPortal = 0C08B0D42BDA10DB00276A62 /* Project object */;
			proxyType = 1;
			remoteGlobalIDString = 0C08B0DB2BDA10DB00276A62;
			remoteInfo = Landmarks;
		};
		0C099D052BDCDF6D00AFF7CF /* PBXContainerItemProxy */ = {
			isa = PBXContainerItemProxy;
			containerPortal = 0C08B0D42BDA10DB00276A62 /* Project object */;
			proxyType = 1;
			remoteGlobalIDString = 0C099CF42BDCDF6B00AFF7CF;
			remoteInfo = "WatchLandmarks Watch App";
		};
		0C099D0F2BDCDF6D00AFF7CF /* PBXContainerItemProxy */ = {
			isa = PBXContainerItemProxy;
			containerPortal = 0C08B0D42BDA10DB00276A62 /* Project object */;
			proxyType = 1;
			remoteGlobalIDString = 0C099CF42BDCDF6B00AFF7CF;
			remoteInfo = "WatchLandmarks Watch App";
		};
		0C099D162BDCDF6D00AFF7CF /* PBXContainerItemProxy */ = {
			isa = PBXContainerItemProxy;
			containerPortal = 0C08B0D42BDA10DB00276A62 /* Project object */;
			proxyType = 1;
			remoteGlobalIDString = 0C099CF42BDCDF6B00AFF7CF;
			remoteInfo = "WatchLandmarks Watch App";
		};
		0C099D4A2BE0B2E500AFF7CF /* PBXContainerItemProxy */ = {
			isa = PBXContainerItemProxy;
			containerPortal = 0C08B0D42BDA10DB00276A62 /* Project object */;
			proxyType = 1;
			remoteGlobalIDString = 0C099D382BE0B2E300AFF7CF;
			remoteInfo = MacLandmarks;
		};
		0C099D542BE0B2E500AFF7CF /* PBXContainerItemProxy */ = {
			isa = PBXContainerItemProxy;
			containerPortal = 0C08B0D42BDA10DB00276A62 /* Project object */;
			proxyType = 1;
			remoteGlobalIDString = 0C099D382BE0B2E300AFF7CF;
			remoteInfo = MacLandmarks;
		};
/* End PBXContainerItemProxy section */

/* Begin PBXCopyFilesBuildPhase section */
		0C099D1C2BDCDF6D00AFF7CF /* Embed Watch Content */ = {
			isa = PBXCopyFilesBuildPhase;
			buildActionMask = 2147483647;
			dstPath = "$(CONTENTS_FOLDER_PATH)/Watch";
			dstSubfolderSpec = 16;
			files = (
				0C099D182BDCDF6D00AFF7CF /* WatchLandmarks Watch App.app in Embed Watch Content */,
			);
			name = "Embed Watch Content";
			runOnlyForDeploymentPostprocessing = 0;
		};
/* End PBXCopyFilesBuildPhase section */

/* Begin PBXFileReference section */
		0C08B0DC2BDA10DB00276A62 /* Landmarks.app */ = {isa = PBXFileReference; explicitFileType = wrapper.application; includeInIndex = 0; path = Landmarks.app; sourceTree = BUILT_PRODUCTS_DIR; };
		0C08B0DF2BDA10DB00276A62 /* LandmarksApp.swift */ = {isa = PBXFileReference; lastKnownFileType = sourcecode.swift; path = LandmarksApp.swift; sourceTree = "<group>"; };
		0C08B0E12BDA10DB00276A62 /* ContentView.swift */ = {isa = PBXFileReference; lastKnownFileType = sourcecode.swift; path = ContentView.swift; sourceTree = "<group>"; };
		0C08B0E32BDA10DC00276A62 /* Assets.xcassets */ = {isa = PBXFileReference; lastKnownFileType = folder.assetcatalog; path = Assets.xcassets; sourceTree = "<group>"; };
		0C08B0E62BDA10DC00276A62 /* Preview Assets.xcassets */ = {isa = PBXFileReference; lastKnownFileType = folder.assetcatalog; path = "Preview Assets.xcassets"; sourceTree = "<group>"; };
		0C08B0EC2BDA10DC00276A62 /* LandmarksTests.xctest */ = {isa = PBXFileReference; explicitFileType = wrapper.cfbundle; includeInIndex = 0; path = LandmarksTests.xctest; sourceTree = BUILT_PRODUCTS_DIR; };
		0C08B0F02BDA10DC00276A62 /* LandmarksTests.swift */ = {isa = PBXFileReference; lastKnownFileType = sourcecode.swift; path = LandmarksTests.swift; sourceTree = "<group>"; };
		0C08B0F62BDA10DC00276A62 /* LandmarksUITests.xctest */ = {isa = PBXFileReference; explicitFileType = wrapper.cfbundle; includeInIndex = 0; path = LandmarksUITests.xctest; sourceTree = BUILT_PRODUCTS_DIR; };
		0C08B0FA2BDA10DC00276A62 /* LandmarksUITests.swift */ = {isa = PBXFileReference; lastKnownFileType = sourcecode.swift; path = LandmarksUITests.swift; sourceTree = "<group>"; };
		0C08B0FC2BDA10DC00276A62 /* LandmarksUITestsLaunchTests.swift */ = {isa = PBXFileReference; lastKnownFileType = sourcecode.swift; path = LandmarksUITestsLaunchTests.swift; sourceTree = "<group>"; };
		0C08B1092BDA16B800276A62 /* CircleImage.swift */ = {isa = PBXFileReference; lastKnownFileType = sourcecode.swift; path = CircleImage.swift; sourceTree = "<group>"; };
		0C08B10B2BDA17F400276A62 /* MapView.swift */ = {isa = PBXFileReference; lastKnownFileType = sourcecode.swift; path = MapView.swift; sourceTree = "<group>"; };
		0C08B10D2BDA29B200276A62 /* Landmark.swift */ = {isa = PBXFileReference; lastKnownFileType = sourcecode.swift; path = Landmark.swift; sourceTree = "<group>"; };
		0C08B1102BDA2A5200276A62 /* landmarkData.json */ = {isa = PBXFileReference; fileEncoding = 4; lastKnownFileType = text.json; path = landmarkData.json; sourceTree = "<group>"; };
		0C08B1122BDA2AD000276A62 /* ModelData.swift */ = {isa = PBXFileReference; lastKnownFileType = sourcecode.swift; path = ModelData.swift; sourceTree = "<group>"; };
		0C08B1162BDB33F700276A62 /* LandmarkRow.swift */ = {isa = PBXFileReference; lastKnownFileType = sourcecode.swift; path = LandmarkRow.swift; sourceTree = "<group>"; };
		0C08B1182BDB375500276A62 /* LandmarkList.swift */ = {isa = PBXFileReference; lastKnownFileType = sourcecode.swift; path = LandmarkList.swift; sourceTree = "<group>"; };
		0C08B11A2BDB3AA200276A62 /* LandmarkDetail.swift */ = {isa = PBXFileReference; lastKnownFileType = sourcecode.swift; path = LandmarkDetail.swift; sourceTree = "<group>"; };
		0C08B11C2BDB407300276A62 /* FavoriteButton.swift */ = {isa = PBXFileReference; lastKnownFileType = sourcecode.swift; path = FavoriteButton.swift; sourceTree = "<group>"; };
		0C08B1202BDB427400276A62 /* HexagonParameters.swift */ = {isa = PBXFileReference; lastKnownFileType = sourcecode.swift; path = HexagonParameters.swift; sourceTree = "<group>"; };
		0C08B1222BDB42D700276A62 /* BadgeBackground.swift */ = {isa = PBXFileReference; lastKnownFileType = sourcecode.swift; path = BadgeBackground.swift; sourceTree = "<group>"; };
		0C08B1242BDB43A200276A62 /* BadgeSymbol.swift */ = {isa = PBXFileReference; lastKnownFileType = sourcecode.swift; path = BadgeSymbol.swift; sourceTree = "<group>"; };
		0C08B1262BDB43FD00276A62 /* RotatedBadgeSymbol.swift */ = {isa = PBXFileReference; lastKnownFileType = sourcecode.swift; path = RotatedBadgeSymbol.swift; sourceTree = "<group>"; };
		0C08B1282BDB442E00276A62 /* Badge.swift */ = {isa = PBXFileReference; lastKnownFileType = sourcecode.swift; path = Badge.swift; sourceTree = "<group>"; };
		0C08B12B2BDB47DF00276A62 /* hikeData.json */ = {isa = PBXFileReference; fileEncoding = 4; lastKnownFileType = text.json; path = hikeData.json; sourceTree = "<group>"; };
		0C08B12D2BDB480100276A62 /* Hike.swift */ = {isa = PBXFileReference; lastKnownFileType = sourcecode.swift; path = Hike.swift; sourceTree = "<group>"; };
		0C08B1302BDB49E200276A62 /* GraphCapsule.swift */ = {isa = PBXFileReference; fileEncoding = 4; lastKnownFileType = sourcecode.swift; path = GraphCapsule.swift; sourceTree = "<group>"; };
		0C08B1312BDB49E200276A62 /* HikeGraph.swift */ = {isa = PBXFileReference; fileEncoding = 4; lastKnownFileType = sourcecode.swift; path = HikeGraph.swift; sourceTree = "<group>"; };
		0C08B1322BDB49E200276A62 /* HikeDetail.swift */ = {isa = PBXFileReference; fileEncoding = 4; lastKnownFileType = sourcecode.swift; path = HikeDetail.swift; sourceTree = "<group>"; };
		0C08B1332BDB49E200276A62 /* HikeView.swift */ = {isa = PBXFileReference; fileEncoding = 4; lastKnownFileType = sourcecode.swift; path = HikeView.swift; sourceTree = "<group>"; };
		0C08B13B2BDB537100276A62 /* CategoryHome.swift */ = {isa = PBXFileReference; lastKnownFileType = sourcecode.swift; path = CategoryHome.swift; sourceTree = "<group>"; };
		0C08B13D2BDB543100276A62 /* CategoryRow.swift */ = {isa = PBXFileReference; lastKnownFileType = sourcecode.swift; path = CategoryRow.swift; sourceTree = "<group>"; };
		0C08B13F2BDB555200276A62 /* CategoryItem.swift */ = {isa = PBXFileReference; lastKnownFileType = sourcecode.swift; path = CategoryItem.swift; sourceTree = "<group>"; };
		0C099CDD2BDB5FD500AFF7CF /* Profile.swift */ = {isa = PBXFileReference; lastKnownFileType = sourcecode.swift; path = Profile.swift; sourceTree = "<group>"; };
		0C099CE02BDB600E00AFF7CF /* ProfileHost.swift */ = {isa = PBXFileReference; lastKnownFileType = sourcecode.swift; path = ProfileHost.swift; sourceTree = "<group>"; };
		0C099CE22BDB604300AFF7CF /* ProfileSummary.swift */ = {isa = PBXFileReference; lastKnownFileType = sourcecode.swift; path = ProfileSummary.swift; sourceTree = "<group>"; };
		0C099CE42BDC70E400AFF7CF /* HikeBadge.swift */ = {isa = PBXFileReference; lastKnownFileType = sourcecode.swift; path = HikeBadge.swift; sourceTree = "<group>"; };
		0C099CE62BDC747C00AFF7CF /* ProfileEditor.swift */ = {isa = PBXFileReference; lastKnownFileType = sourcecode.swift; path = ProfileEditor.swift; sourceTree = "<group>"; };
		0C099CE82BDCCF8000AFF7CF /* PageViewController.swift */ = {isa = PBXFileReference; lastKnownFileType = sourcecode.swift; path = PageViewController.swift; sourceTree = "<group>"; };
		0C099CEA2BDCD05800AFF7CF /* FeatureCard.swift */ = {isa = PBXFileReference; lastKnownFileType = sourcecode.swift; path = FeatureCard.swift; sourceTree = "<group>"; };
		0C099CEC2BDCD0BE00AFF7CF /* PageView.swift */ = {isa = PBXFileReference; lastKnownFileType = sourcecode.swift; path = PageView.swift; sourceTree = "<group>"; };
		0C099CEE2BDCD39500AFF7CF /* PageControl.swift */ = {isa = PBXFileReference; lastKnownFileType = sourcecode.swift; path = PageControl.swift; sourceTree = "<group>"; };
		0C099CF52BDCDF6B00AFF7CF /* WatchLandmarks Watch App.app */ = {isa = PBXFileReference; explicitFileType = wrapper.application; includeInIndex = 0; path = "WatchLandmarks Watch App.app"; sourceTree = BUILT_PRODUCTS_DIR; };
		0C099CF92BDCDF6B00AFF7CF /* ContentView.swift */ = {isa = PBXFileReference; lastKnownFileType = sourcecode.swift; path = ContentView.swift; sourceTree = "<group>"; };
		0C099CFB2BDCDF6D00AFF7CF /* Assets.xcassets */ = {isa = PBXFileReference; lastKnownFileType = folder.assetcatalog; path = Assets.xcassets; sourceTree = "<group>"; };
		0C099CFE2BDCDF6D00AFF7CF /* Preview Assets.xcassets */ = {isa = PBXFileReference; lastKnownFileType = folder.assetcatalog; path = "Preview Assets.xcassets"; sourceTree = "<group>"; };
		0C099D042BDCDF6D00AFF7CF /* WatchLandmarks Watch AppTests.xctest */ = {isa = PBXFileReference; explicitFileType = wrapper.cfbundle; includeInIndex = 0; path = "WatchLandmarks Watch AppTests.xctest"; sourceTree = BUILT_PRODUCTS_DIR; };
		0C099D082BDCDF6D00AFF7CF /* WatchLandmarks_Watch_AppTests.swift */ = {isa = PBXFileReference; lastKnownFileType = sourcecode.swift; path = WatchLandmarks_Watch_AppTests.swift; sourceTree = "<group>"; };
		0C099D0E2BDCDF6D00AFF7CF /* WatchLandmarks Watch AppUITests.xctest */ = {isa = PBXFileReference; explicitFileType = wrapper.cfbundle; includeInIndex = 0; path = "WatchLandmarks Watch AppUITests.xctest"; sourceTree = BUILT_PRODUCTS_DIR; };
		0C099D122BDCDF6D00AFF7CF /* WatchLandmarks_Watch_AppUITests.swift */ = {isa = PBXFileReference; lastKnownFileType = sourcecode.swift; path = WatchLandmarks_Watch_AppUITests.swift; sourceTree = "<group>"; };
		0C099D142BDCDF6D00AFF7CF /* WatchLandmarks_Watch_AppUITestsLaunchTests.swift */ = {isa = PBXFileReference; lastKnownFileType = sourcecode.swift; path = WatchLandmarks_Watch_AppUITestsLaunchTests.swift; sourceTree = "<group>"; };
		0C099D2E2BDF4F8000AFF7CF /* LandmarkDetail.swift */ = {isa = PBXFileReference; lastKnownFileType = sourcecode.swift; path = LandmarkDetail.swift; sourceTree = "<group>"; };
		0C099D302BDF55D100AFF7CF /* NotificationView.swift */ = {isa = PBXFileReference; lastKnownFileType = sourcecode.swift; path = NotificationView.swift; sourceTree = "<group>"; };
		0C099D322BDF565E00AFF7CF /* NotificationController.swift */ = {isa = PBXFileReference; lastKnownFileType = sourcecode.swift; path = NotificationController.swift; sourceTree = "<group>"; };
		0C099D342BDF572800AFF7CF /* PushNotificationPayload.apns */ = {isa = PBXFileReference; lastKnownFileType = text; path = PushNotificationPayload.apns; sourceTree = "<group>"; };
		0C099D392BE0B2E300AFF7CF /* MacLandmarks.app */ = {isa = PBXFileReference; explicitFileType = wrapper.application; includeInIndex = 0; path = MacLandmarks.app; sourceTree = BUILT_PRODUCTS_DIR; };
		0C099D3D2BE0B2E300AFF7CF /* ContentView.swift */ = {isa = PBXFileReference; lastKnownFileType = sourcecode.swift; path = ContentView.swift; sourceTree = "<group>"; };
		0C099D3F2BE0B2E500AFF7CF /* Assets.xcassets */ = {isa = PBXFileReference; lastKnownFileType = folder.assetcatalog; path = Assets.xcassets; sourceTree = "<group>"; };
		0C099D422BE0B2E500AFF7CF /* Preview Assets.xcassets */ = {isa = PBXFileReference; lastKnownFileType = folder.assetcatalog; path = "Preview Assets.xcassets"; sourceTree = "<group>"; };
		0C099D442BE0B2E500AFF7CF /* MacLandmarks.entitlements */ = {isa = PBXFileReference; lastKnownFileType = text.plist.entitlements; path = MacLandmarks.entitlements; sourceTree = "<group>"; };
		0C099D492BE0B2E500AFF7CF /* MacLandmarksTests.xctest */ = {isa = PBXFileReference; explicitFileType = wrapper.cfbundle; includeInIndex = 0; path = MacLandmarksTests.xctest; sourceTree = BUILT_PRODUCTS_DIR; };
		0C099D4D2BE0B2E500AFF7CF /* MacLandmarksTests.swift */ = {isa = PBXFileReference; lastKnownFileType = sourcecode.swift; path = MacLandmarksTests.swift; sourceTree = "<group>"; };
		0C099D532BE0B2E500AFF7CF /* MacLandmarksUITests.xctest */ = {isa = PBXFileReference; explicitFileType = wrapper.cfbundle; includeInIndex = 0; path = MacLandmarksUITests.xctest; sourceTree = BUILT_PRODUCTS_DIR; };
		0C099D572BE0B2E500AFF7CF /* MacLandmarksUITests.swift */ = {isa = PBXFileReference; lastKnownFileType = sourcecode.swift; path = MacLandmarksUITests.swift; sourceTree = "<group>"; };
		0C099D592BE0B2E500AFF7CF /* MacLandmarksUITestsLaunchTests.swift */ = {isa = PBXFileReference; lastKnownFileType = sourcecode.swift; path = MacLandmarksUITestsLaunchTests.swift; sourceTree = "<group>"; };
		0C099D772BE0B66400AFF7CF /* LandmarkDetail.swift */ = {isa = PBXFileReference; lastKnownFileType = sourcecode.swift; path = LandmarkDetail.swift; sourceTree = "<group>"; };
		0C7691BC2BE355D800F3C996 /* LandmarkList.swift */ = {isa = PBXFileReference; lastKnownFileType = sourcecode.swift; path = LandmarkList.swift; sourceTree = "<group>"; };
		0C7691BE2BE358D700F3C996 /* LandmarkCommands.swift */ = {isa = PBXFileReference; lastKnownFileType = sourcecode.swift; path = LandmarkCommands.swift; sourceTree = "<group>"; };
		0C7691C12BE35BA500F3C996 /* LandmarkSettings.swift */ = {isa = PBXFileReference; lastKnownFileType = sourcecode.swift; path = LandmarkSettings.swift; sourceTree = "<group>"; };
/* End PBXFileReference section */

/* Begin PBXFrameworksBuildPhase section */
		0C08B0D92BDA10DB00276A62 /* Frameworks */ = {
			isa = PBXFrameworksBuildPhase;
			buildActionMask = 2147483647;
			files = (
			);
			runOnlyForDeploymentPostprocessing = 0;
		};
		0C08B0E92BDA10DC00276A62 /* Frameworks */ = {
			isa = PBXFrameworksBuildPhase;
			buildActionMask = 2147483647;
			files = (
			);
			runOnlyForDeploymentPostprocessing = 0;
		};
		0C08B0F32BDA10DC00276A62 /* Frameworks */ = {
			isa = PBXFrameworksBuildPhase;
			buildActionMask = 2147483647;
			files = (
			);
			runOnlyForDeploymentPostprocessing = 0;
		};
		0C099CF22BDCDF6B00AFF7CF /* Frameworks */ = {
			isa = PBXFrameworksBuildPhase;
			buildActionMask = 2147483647;
			files = (
			);
			runOnlyForDeploymentPostprocessing = 0;
		};
		0C099D012BDCDF6D00AFF7CF /* Frameworks */ = {
			isa = PBXFrameworksBuildPhase;
			buildActionMask = 2147483647;
			files = (
			);
			runOnlyForDeploymentPostprocessing = 0;
		};
		0C099D0B2BDCDF6D00AFF7CF /* Frameworks */ = {
			isa = PBXFrameworksBuildPhase;
			buildActionMask = 2147483647;
			files = (
			);
			runOnlyForDeploymentPostprocessing = 0;
		};
		0C099D362BE0B2E300AFF7CF /* Frameworks */ = {
			isa = PBXFrameworksBuildPhase;
			buildActionMask = 2147483647;
			files = (
			);
			runOnlyForDeploymentPostprocessing = 0;
		};
		0C099D462BE0B2E500AFF7CF /* Frameworks */ = {
			isa = PBXFrameworksBuildPhase;
			buildActionMask = 2147483647;
			files = (
			);
			runOnlyForDeploymentPostprocessing = 0;
		};
		0C099D502BE0B2E500AFF7CF /* Frameworks */ = {
			isa = PBXFrameworksBuildPhase;
			buildActionMask = 2147483647;
			files = (
			);
			runOnlyForDeploymentPostprocessing = 0;
		};
/* End PBXFrameworksBuildPhase section */

/* Begin PBXGroup section */
		0C08B0D32BDA10DB00276A62 = {
			isa = PBXGroup;
			children = (
				0C08B0DE2BDA10DB00276A62 /* Landmarks */,
				0C08B0EF2BDA10DC00276A62 /* LandmarksTests */,
				0C08B0F92BDA10DC00276A62 /* LandmarksUITests */,
				0C099CF62BDCDF6B00AFF7CF /* WatchLandmarks Watch App */,
				0C099D072BDCDF6D00AFF7CF /* WatchLandmarks Watch AppTests */,
				0C099D112BDCDF6D00AFF7CF /* WatchLandmarks Watch AppUITests */,
				0C099D3A2BE0B2E300AFF7CF /* MacLandmarks */,
				0C099D4C2BE0B2E500AFF7CF /* MacLandmarksTests */,
				0C099D562BE0B2E500AFF7CF /* MacLandmarksUITests */,
				0C08B0DD2BDA10DB00276A62 /* Products */,
			);
			sourceTree = "<group>";
		};
		0C08B0DD2BDA10DB00276A62 /* Products */ = {
			isa = PBXGroup;
			children = (
				0C08B0DC2BDA10DB00276A62 /* Landmarks.app */,
				0C08B0EC2BDA10DC00276A62 /* LandmarksTests.xctest */,
				0C08B0F62BDA10DC00276A62 /* LandmarksUITests.xctest */,
				0C099CF52BDCDF6B00AFF7CF /* WatchLandmarks Watch App.app */,
				0C099D042BDCDF6D00AFF7CF /* WatchLandmarks Watch AppTests.xctest */,
				0C099D0E2BDCDF6D00AFF7CF /* WatchLandmarks Watch AppUITests.xctest */,
				0C099D392BE0B2E300AFF7CF /* MacLandmarks.app */,
				0C099D492BE0B2E500AFF7CF /* MacLandmarksTests.xctest */,
				0C099D532BE0B2E500AFF7CF /* MacLandmarksUITests.xctest */,
			);
			name = Products;
			sourceTree = "<group>";
		};
		0C08B0DE2BDA10DB00276A62 /* Landmarks */ = {
			isa = PBXGroup;
			children = (
				0C08B1152BDA2B3800276A62 /* Model */,
				0C08B1142BDA2B1700276A62 /* Views */,
				0C08B10F2BDA2A3A00276A62 /* Resources */,
				0C08B0DF2BDA10DB00276A62 /* LandmarksApp.swift */,
				0C08B0E32BDA10DC00276A62 /* Assets.xcassets */,
				0C08B0E52BDA10DC00276A62 /* Preview Content */,
			);
			path = Landmarks;
			sourceTree = "<group>";
		};
		0C08B0E52BDA10DC00276A62 /* Preview Content */ = {
			isa = PBXGroup;
			children = (
				0C08B0E62BDA10DC00276A62 /* Preview Assets.xcassets */,
			);
			path = "Preview Content";
			sourceTree = "<group>";
		};
		0C08B0EF2BDA10DC00276A62 /* LandmarksTests */ = {
			isa = PBXGroup;
			children = (
				0C08B0F02BDA10DC00276A62 /* LandmarksTests.swift */,
			);
			path = LandmarksTests;
			sourceTree = "<group>";
		};
		0C08B0F92BDA10DC00276A62 /* LandmarksUITests */ = {
			isa = PBXGroup;
			children = (
				0C08B0FA2BDA10DC00276A62 /* LandmarksUITests.swift */,
				0C08B0FC2BDA10DC00276A62 /* LandmarksUITestsLaunchTests.swift */,
			);
			path = LandmarksUITests;
			sourceTree = "<group>";
		};
		0C08B10F2BDA2A3A00276A62 /* Resources */ = {
			isa = PBXGroup;
			children = (
				0C08B12B2BDB47DF00276A62 /* hikeData.json */,
				0C08B1102BDA2A5200276A62 /* landmarkData.json */,
			);
			path = Resources;
			sourceTree = "<group>";
		};
		0C08B1142BDA2B1700276A62 /* Views */ = {
			isa = PBXGroup;
			children = (
				0C099CF02BDCD49B00AFF7CF /* PageView */,
				0C099CDF2BDB5FF400AFF7CF /* Profiles */,
				0C08B1382BDB533F00276A62 /* Categories */,
				0C08B12F2BDB49E200276A62 /* Hikes */,
				0C08B12A2BDB445200276A62 /* Badges */,
				0C08B11F2BDB40DC00276A62 /* LandMarks */,
				0C08B11E2BDB40A500276A62 /* Helper */,
				0C08B0E12BDA10DB00276A62 /* ContentView.swift */,
			);
			path = Views;
			sourceTree = "<group>";
		};
		0C08B1152BDA2B3800276A62 /* Model */ = {
			isa = PBXGroup;
			children = (
				0C08B10D2BDA29B200276A62 /* Landmark.swift */,
				0C08B1122BDA2AD000276A62 /* ModelData.swift */,
				0C08B12D2BDB480100276A62 /* Hike.swift */,
				0C099CDD2BDB5FD500AFF7CF /* Profile.swift */,
			);
			path = Model;
			sourceTree = "<group>";
		};
		0C08B11E2BDB40A500276A62 /* Helper */ = {
			isa = PBXGroup;
			children = (
				0C08B1092BDA16B800276A62 /* CircleImage.swift */,
				0C08B10B2BDA17F400276A62 /* MapView.swift */,
				0C08B11C2BDB407300276A62 /* FavoriteButton.swift */,
			);
			path = Helper;
			sourceTree = "<group>";
		};
		0C08B11F2BDB40DC00276A62 /* LandMarks */ = {
			isa = PBXGroup;
			children = (
				0C08B1162BDB33F700276A62 /* LandmarkRow.swift */,
				0C08B1182BDB375500276A62 /* LandmarkList.swift */,
				0C08B11A2BDB3AA200276A62 /* LandmarkDetail.swift */,
			);
			path = LandMarks;
			sourceTree = "<group>";
		};
		0C08B12A2BDB445200276A62 /* Badges */ = {
			isa = PBXGroup;
			children = (
				0C08B1202BDB427400276A62 /* HexagonParameters.swift */,
				0C08B1222BDB42D700276A62 /* BadgeBackground.swift */,
				0C08B1242BDB43A200276A62 /* BadgeSymbol.swift */,
				0C08B1262BDB43FD00276A62 /* RotatedBadgeSymbol.swift */,
				0C08B1282BDB442E00276A62 /* Badge.swift */,
			);
			path = Badges;
			sourceTree = "<group>";
		};
		0C08B12F2BDB49E200276A62 /* Hikes */ = {
			isa = PBXGroup;
			children = (
				0C08B1302BDB49E200276A62 /* GraphCapsule.swift */,
				0C08B1312BDB49E200276A62 /* HikeGraph.swift */,
				0C08B1322BDB49E200276A62 /* HikeDetail.swift */,
				0C08B1332BDB49E200276A62 /* HikeView.swift */,
				0C099CE42BDC70E400AFF7CF /* HikeBadge.swift */,
			);
			path = Hikes;
			sourceTree = "<group>";
		};
		0C08B1382BDB533F00276A62 /* Categories */ = {
			isa = PBXGroup;
			children = (
				0C08B13B2BDB537100276A62 /* CategoryHome.swift */,
				0C08B13D2BDB543100276A62 /* CategoryRow.swift */,
				0C08B13F2BDB555200276A62 /* CategoryItem.swift */,
			);
			path = Categories;
			sourceTree = "<group>";
		};
		0C099CDF2BDB5FF400AFF7CF /* Profiles */ = {
			isa = PBXGroup;
			children = (
				0C099CE02BDB600E00AFF7CF /* ProfileHost.swift */,
				0C099CE22BDB604300AFF7CF /* ProfileSummary.swift */,
				0C099CE62BDC747C00AFF7CF /* ProfileEditor.swift */,
			);
			path = Profiles;
			sourceTree = "<group>";
		};
		0C099CF02BDCD49B00AFF7CF /* PageView */ = {
			isa = PBXGroup;
			children = (
				0C099CE82BDCCF8000AFF7CF /* PageViewController.swift */,
				0C099CEA2BDCD05800AFF7CF /* FeatureCard.swift */,
				0C099CEC2BDCD0BE00AFF7CF /* PageView.swift */,
				0C099CEE2BDCD39500AFF7CF /* PageControl.swift */,
			);
			path = PageView;
			sourceTree = "<group>";
		};
		0C099CF62BDCDF6B00AFF7CF /* WatchLandmarks Watch App */ = {
			isa = PBXGroup;
			children = (
				0C7691BC2BE355D800F3C996 /* LandmarkList.swift */,
				0C099CF92BDCDF6B00AFF7CF /* ContentView.swift */,
				0C099D302BDF55D100AFF7CF /* NotificationView.swift */,
				0C099D322BDF565E00AFF7CF /* NotificationController.swift */,
				0C099D2E2BDF4F8000AFF7CF /* LandmarkDetail.swift */,
				0C099CFB2BDCDF6D00AFF7CF /* Assets.xcassets */,
				0C099CFD2BDCDF6D00AFF7CF /* Preview Content */,
			);
			path = "WatchLandmarks Watch App";
			sourceTree = "<group>";
		};
		0C099CFD2BDCDF6D00AFF7CF /* Preview Content */ = {
			isa = PBXGroup;
			children = (
				0C099D342BDF572800AFF7CF /* PushNotificationPayload.apns */,
				0C099CFE2BDCDF6D00AFF7CF /* Preview Assets.xcassets */,
			);
			path = "Preview Content";
			sourceTree = "<group>";
		};
		0C099D072BDCDF6D00AFF7CF /* WatchLandmarks Watch AppTests */ = {
			isa = PBXGroup;
			children = (
				0C099D082BDCDF6D00AFF7CF /* WatchLandmarks_Watch_AppTests.swift */,
			);
			path = "WatchLandmarks Watch AppTests";
			sourceTree = "<group>";
		};
		0C099D112BDCDF6D00AFF7CF /* WatchLandmarks Watch AppUITests */ = {
			isa = PBXGroup;
			children = (
				0C099D122BDCDF6D00AFF7CF /* WatchLandmarks_Watch_AppUITests.swift */,
				0C099D142BDCDF6D00AFF7CF /* WatchLandmarks_Watch_AppUITestsLaunchTests.swift */,
			);
			path = "WatchLandmarks Watch AppUITests";
			sourceTree = "<group>";
		};
		0C099D3A2BE0B2E300AFF7CF /* MacLandmarks */ = {
			isa = PBXGroup;
			children = (
				0C099D3D2BE0B2E300AFF7CF /* ContentView.swift */,
				0C099D3F2BE0B2E500AFF7CF /* Assets.xcassets */,
				0C099D442BE0B2E500AFF7CF /* MacLandmarks.entitlements */,
				0C099D412BE0B2E500AFF7CF /* Preview Content */,
				0C099D772BE0B66400AFF7CF /* LandmarkDetail.swift */,
				0C7691BE2BE358D700F3C996 /* LandmarkCommands.swift */,
				0C7691C12BE35BA500F3C996 /* LandmarkSettings.swift */,
			);
			path = MacLandmarks;
			sourceTree = "<group>";
		};
		0C099D412BE0B2E500AFF7CF /* Preview Content */ = {
			isa = PBXGroup;
			children = (
				0C099D422BE0B2E500AFF7CF /* Preview Assets.xcassets */,
			);
			path = "Preview Content";
			sourceTree = "<group>";
		};
		0C099D4C2BE0B2E500AFF7CF /* MacLandmarksTests */ = {
			isa = PBXGroup;
			children = (
				0C099D4D2BE0B2E500AFF7CF /* MacLandmarksTests.swift */,
			);
			path = MacLandmarksTests;
			sourceTree = "<group>";
		};
		0C099D562BE0B2E500AFF7CF /* MacLandmarksUITests */ = {
			isa = PBXGroup;
			children = (
				0C099D572BE0B2E500AFF7CF /* MacLandmarksUITests.swift */,
				0C099D592BE0B2E500AFF7CF /* MacLandmarksUITestsLaunchTests.swift */,
			);
			path = MacLandmarksUITests;
			sourceTree = "<group>";
		};
/* End PBXGroup section */

/* Begin PBXNativeTarget section */
		0C08B0DB2BDA10DB00276A62 /* Landmarks */ = {
			isa = PBXNativeTarget;
			buildConfigurationList = 0C08B1002BDA10DC00276A62 /* Build configuration list for PBXNativeTarget "Landmarks" */;
			buildPhases = (
				0C08B0D82BDA10DB00276A62 /* Sources */,
				0C08B0D92BDA10DB00276A62 /* Frameworks */,
				0C08B0DA2BDA10DB00276A62 /* Resources */,
				0C099D1C2BDCDF6D00AFF7CF /* Embed Watch Content */,
			);
			buildRules = (
			);
			dependencies = (
				0C099D172BDCDF6D00AFF7CF /* PBXTargetDependency */,
			);
			name = Landmarks;
			productName = Landmarks;
			productReference = 0C08B0DC2BDA10DB00276A62 /* Landmarks.app */;
			productType = "com.apple.product-type.application";
		};
		0C08B0EB2BDA10DC00276A62 /* LandmarksTests */ = {
			isa = PBXNativeTarget;
			buildConfigurationList = 0C08B1032BDA10DC00276A62 /* Build configuration list for PBXNativeTarget "LandmarksTests" */;
			buildPhases = (
				0C08B0E82BDA10DC00276A62 /* Sources */,
				0C08B0E92BDA10DC00276A62 /* Frameworks */,
				0C08B0EA2BDA10DC00276A62 /* Resources */,
			);
			buildRules = (
			);
			dependencies = (
				0C08B0EE2BDA10DC00276A62 /* PBXTargetDependency */,
			);
			name = LandmarksTests;
			productName = LandmarksTests;
			productReference = 0C08B0EC2BDA10DC00276A62 /* LandmarksTests.xctest */;
			productType = "com.apple.product-type.bundle.unit-test";
		};
		0C08B0F52BDA10DC00276A62 /* LandmarksUITests */ = {
			isa = PBXNativeTarget;
			buildConfigurationList = 0C08B1062BDA10DC00276A62 /* Build configuration list for PBXNativeTarget "LandmarksUITests" */;
			buildPhases = (
				0C08B0F22BDA10DC00276A62 /* Sources */,
				0C08B0F32BDA10DC00276A62 /* Frameworks */,
				0C08B0F42BDA10DC00276A62 /* Resources */,
			);
			buildRules = (
			);
			dependencies = (
				0C08B0F82BDA10DC00276A62 /* PBXTargetDependency */,
			);
			name = LandmarksUITests;
			productName = LandmarksUITests;
			productReference = 0C08B0F62BDA10DC00276A62 /* LandmarksUITests.xctest */;
			productType = "com.apple.product-type.bundle.ui-testing";
		};
		0C099CF42BDCDF6B00AFF7CF /* WatchLandmarks Watch App */ = {
			isa = PBXNativeTarget;
			buildConfigurationList = 0C099D192BDCDF6D00AFF7CF /* Build configuration list for PBXNativeTarget "WatchLandmarks Watch App" */;
			buildPhases = (
				0C099CF12BDCDF6B00AFF7CF /* Sources */,
				0C099CF22BDCDF6B00AFF7CF /* Frameworks */,
				0C099CF32BDCDF6B00AFF7CF /* Resources */,
			);
			buildRules = (
			);
			dependencies = (
			);
			name = "WatchLandmarks Watch App";
			productName = "WatchLandmarks Watch App";
			productReference = 0C099CF52BDCDF6B00AFF7CF /* WatchLandmarks Watch App.app */;
			productType = "com.apple.product-type.application";
		};
		0C099D032BDCDF6D00AFF7CF /* WatchLandmarks Watch AppTests */ = {
			isa = PBXNativeTarget;
			buildConfigurationList = 0C099D1D2BDCDF6D00AFF7CF /* Build configuration list for PBXNativeTarget "WatchLandmarks Watch AppTests" */;
			buildPhases = (
				0C099D002BDCDF6D00AFF7CF /* Sources */,
				0C099D012BDCDF6D00AFF7CF /* Frameworks */,
				0C099D022BDCDF6D00AFF7CF /* Resources */,
			);
			buildRules = (
			);
			dependencies = (
				0C099D062BDCDF6D00AFF7CF /* PBXTargetDependency */,
			);
			name = "WatchLandmarks Watch AppTests";
			productName = "WatchLandmarks Watch AppTests";
			productReference = 0C099D042BDCDF6D00AFF7CF /* WatchLandmarks Watch AppTests.xctest */;
			productType = "com.apple.product-type.bundle.unit-test";
		};
		0C099D0D2BDCDF6D00AFF7CF /* WatchLandmarks Watch AppUITests */ = {
			isa = PBXNativeTarget;
			buildConfigurationList = 0C099D202BDCDF6D00AFF7CF /* Build configuration list for PBXNativeTarget "WatchLandmarks Watch AppUITests" */;
			buildPhases = (
				0C099D0A2BDCDF6D00AFF7CF /* Sources */,
				0C099D0B2BDCDF6D00AFF7CF /* Frameworks */,
				0C099D0C2BDCDF6D00AFF7CF /* Resources */,
			);
			buildRules = (
			);
			dependencies = (
				0C099D102BDCDF6D00AFF7CF /* PBXTargetDependency */,
			);
			name = "WatchLandmarks Watch AppUITests";
			productName = "WatchLandmarks Watch AppUITests";
			productReference = 0C099D0E2BDCDF6D00AFF7CF /* WatchLandmarks Watch AppUITests.xctest */;
			productType = "com.apple.product-type.bundle.ui-testing";
		};
		0C099D382BE0B2E300AFF7CF /* MacLandmarks */ = {
			isa = PBXNativeTarget;
			buildConfigurationList = 0C099D612BE0B2E500AFF7CF /* Build configuration list for PBXNativeTarget "MacLandmarks" */;
			buildPhases = (
				0C099D352BE0B2E300AFF7CF /* Sources */,
				0C099D362BE0B2E300AFF7CF /* Frameworks */,
				0C099D372BE0B2E300AFF7CF /* Resources */,
			);
			buildRules = (
			);
			dependencies = (
			);
			name = MacLandmarks;
			productName = MacLandmarks;
			productReference = 0C099D392BE0B2E300AFF7CF /* MacLandmarks.app */;
			productType = "com.apple.product-type.application";
		};
		0C099D482BE0B2E500AFF7CF /* MacLandmarksTests */ = {
			isa = PBXNativeTarget;
			buildConfigurationList = 0C099D622BE0B2E500AFF7CF /* Build configuration list for PBXNativeTarget "MacLandmarksTests" */;
			buildPhases = (
				0C099D452BE0B2E500AFF7CF /* Sources */,
				0C099D462BE0B2E500AFF7CF /* Frameworks */,
				0C099D472BE0B2E500AFF7CF /* Resources */,
			);
			buildRules = (
			);
			dependencies = (
				0C099D4B2BE0B2E500AFF7CF /* PBXTargetDependency */,
			);
			name = MacLandmarksTests;
			productName = MacLandmarksTests;
			productReference = 0C099D492BE0B2E500AFF7CF /* MacLandmarksTests.xctest */;
			productType = "com.apple.product-type.bundle.unit-test";
		};
		0C099D522BE0B2E500AFF7CF /* MacLandmarksUITests */ = {
			isa = PBXNativeTarget;
			buildConfigurationList = 0C099D632BE0B2E500AFF7CF /* Build configuration list for PBXNativeTarget "MacLandmarksUITests" */;
			buildPhases = (
				0C099D4F2BE0B2E500AFF7CF /* Sources */,
				0C099D502BE0B2E500AFF7CF /* Frameworks */,
				0C099D512BE0B2E500AFF7CF /* Resources */,
			);
			buildRules = (
			);
			dependencies = (
				0C099D552BE0B2E500AFF7CF /* PBXTargetDependency */,
			);
			name = MacLandmarksUITests;
			productName = MacLandmarksUITests;
			productReference = 0C099D532BE0B2E500AFF7CF /* MacLandmarksUITests.xctest */;
			productType = "com.apple.product-type.bundle.ui-testing";
		};
/* End PBXNativeTarget section */

/* Begin PBXProject section */
		0C08B0D42BDA10DB00276A62 /* Project object */ = {
			isa = PBXProject;
			attributes = {
				BuildIndependentTargetsInParallel = 1;
				LastSwiftUpdateCheck = 1520;
				LastUpgradeCheck = 1520;
				TargetAttributes = {
					0C08B0DB2BDA10DB00276A62 = {
						CreatedOnToolsVersion = 15.2;
					};
					0C08B0EB2BDA10DC00276A62 = {
						CreatedOnToolsVersion = 15.2;
						TestTargetID = 0C08B0DB2BDA10DB00276A62;
					};
					0C08B0F52BDA10DC00276A62 = {
						CreatedOnToolsVersion = 15.2;
						TestTargetID = 0C08B0DB2BDA10DB00276A62;
					};
					0C099CF42BDCDF6B00AFF7CF = {
						CreatedOnToolsVersion = 15.2;
					};
					0C099D032BDCDF6D00AFF7CF = {
						CreatedOnToolsVersion = 15.2;
						TestTargetID = 0C099CF42BDCDF6B00AFF7CF;
					};
					0C099D0D2BDCDF6D00AFF7CF = {
						CreatedOnToolsVersion = 15.2;
						TestTargetID = 0C099CF42BDCDF6B00AFF7CF;
					};
					0C099D382BE0B2E300AFF7CF = {
						CreatedOnToolsVersion = 15.2;
					};
					0C099D482BE0B2E500AFF7CF = {
						CreatedOnToolsVersion = 15.2;
						TestTargetID = 0C099D382BE0B2E300AFF7CF;
					};
					0C099D522BE0B2E500AFF7CF = {
						CreatedOnToolsVersion = 15.2;
						TestTargetID = 0C099D382BE0B2E300AFF7CF;
					};
				};
			};
			buildConfigurationList = 0C08B0D72BDA10DB00276A62 /* Build configuration list for PBXProject "Landmarks" */;
			compatibilityVersion = "Xcode 14.0";
			developmentRegion = en;
			hasScannedForEncodings = 0;
			knownRegions = (
				en,
				Base,
			);
			mainGroup = 0C08B0D32BDA10DB00276A62;
			productRefGroup = 0C08B0DD2BDA10DB00276A62 /* Products */;
			projectDirPath = "";
			projectRoot = "";
			targets = (
				0C08B0DB2BDA10DB00276A62 /* Landmarks */,
				0C08B0EB2BDA10DC00276A62 /* LandmarksTests */,
				0C08B0F52BDA10DC00276A62 /* LandmarksUITests */,
				0C099CF42BDCDF6B00AFF7CF /* WatchLandmarks Watch App */,
				0C099D032BDCDF6D00AFF7CF /* WatchLandmarks Watch AppTests */,
				0C099D0D2BDCDF6D00AFF7CF /* WatchLandmarks Watch AppUITests */,
				0C099D382BE0B2E300AFF7CF /* MacLandmarks */,
				0C099D482BE0B2E500AFF7CF /* MacLandmarksTests */,
				0C099D522BE0B2E500AFF7CF /* MacLandmarksUITests */,
			);
		};
/* End PBXProject section */

/* Begin PBXResourcesBuildPhase section */
		0C08B0DA2BDA10DB00276A62 /* Resources */ = {
			isa = PBXResourcesBuildPhase;
			buildActionMask = 2147483647;
			files = (
				0C08B12C2BDB47DF00276A62 /* hikeData.json in Resources */,
				0C08B0E72BDA10DC00276A62 /* Preview Assets.xcassets in Resources */,
				0C08B0E42BDA10DC00276A62 /* Assets.xcassets in Resources */,
				0C08B1112BDA2A5200276A62 /* landmarkData.json in Resources */,
			);
			runOnlyForDeploymentPostprocessing = 0;
		};
		0C08B0EA2BDA10DC00276A62 /* Resources */ = {
			isa = PBXResourcesBuildPhase;
			buildActionMask = 2147483647;
			files = (
			);
			runOnlyForDeploymentPostprocessing = 0;
		};
		0C08B0F42BDA10DC00276A62 /* Resources */ = {
			isa = PBXResourcesBuildPhase;
			buildActionMask = 2147483647;
			files = (
			);
			runOnlyForDeploymentPostprocessing = 0;
		};
		0C099CF32BDCDF6B00AFF7CF /* Resources */ = {
			isa = PBXResourcesBuildPhase;
			buildActionMask = 2147483647;
			files = (
				0C099D2B2BDF4E6D00AFF7CF /* hikeData.json in Resources */,
				0C099CFF2BDCDF6D00AFF7CF /* Preview Assets.xcassets in Resources */,
				0C099CFC2BDCDF6D00AFF7CF /* Assets.xcassets in Resources */,
				0C099D2A2BDF4E6D00AFF7CF /* landmarkData.json in Resources */,
				0C099D752BE0B61F00AFF7CF /* Assets.xcassets in Resources */,
			);
			runOnlyForDeploymentPostprocessing = 0;
		};
		0C099D022BDCDF6D00AFF7CF /* Resources */ = {
			isa = PBXResourcesBuildPhase;
			buildActionMask = 2147483647;
			files = (
			);
			runOnlyForDeploymentPostprocessing = 0;
		};
		0C099D0C2BDCDF6D00AFF7CF /* Resources */ = {
			isa = PBXResourcesBuildPhase;
			buildActionMask = 2147483647;
			files = (
			);
			runOnlyForDeploymentPostprocessing = 0;
		};
		0C099D372BE0B2E300AFF7CF /* Resources */ = {
			isa = PBXResourcesBuildPhase;
			buildActionMask = 2147483647;
			files = (
				0C099D6D2BE0B44D00AFF7CF /* hikeData.json in Resources */,
				0C099D432BE0B2E500AFF7CF /* Preview Assets.xcassets in Resources */,
				0C099D402BE0B2E500AFF7CF /* Assets.xcassets in Resources */,
				0C099D6C2BE0B44D00AFF7CF /* landmarkData.json in Resources */,
				0C099D742BE0B60500AFF7CF /* Assets.xcassets in Resources */,
			);
			runOnlyForDeploymentPostprocessing = 0;
		};
		0C099D472BE0B2E500AFF7CF /* Resources */ = {
			isa = PBXResourcesBuildPhase;
			buildActionMask = 2147483647;
			files = (
			);
			runOnlyForDeploymentPostprocessing = 0;
		};
		0C099D512BE0B2E500AFF7CF /* Resources */ = {
			isa = PBXResourcesBuildPhase;
			buildActionMask = 2147483647;
			files = (
			);
			runOnlyForDeploymentPostprocessing = 0;
		};
/* End PBXResourcesBuildPhase section */

/* Begin PBXSourcesBuildPhase section */
		0C08B0D82BDA10DB00276A62 /* Sources */ = {
			isa = PBXSourcesBuildPhase;
			buildActionMask = 2147483647;
			files = (
				0C08B13E2BDB543100276A62 /* CategoryRow.swift in Sources */,
				0C099CDE2BDB5FD500AFF7CF /* Profile.swift in Sources */,
				0C7691BF2BE358D700F3C996 /* LandmarkCommands.swift in Sources */,
				0C08B0E22BDA10DB00276A62 /* ContentView.swift in Sources */,
				0C08B13C2BDB537100276A62 /* CategoryHome.swift in Sources */,
				0C099CEB2BDCD05800AFF7CF /* FeatureCard.swift in Sources */,
				0C08B1352BDB49E200276A62 /* HikeGraph.swift in Sources */,
				0C08B1292BDB442E00276A62 /* Badge.swift in Sources */,
				0C08B10C2BDA17F400276A62 /* MapView.swift in Sources */,
				0C08B1342BDB49E200276A62 /* GraphCapsule.swift in Sources */,
				0C08B0E02BDA10DB00276A62 /* LandmarksApp.swift in Sources */,
				0C099CEF2BDCD39500AFF7CF /* PageControl.swift in Sources */,
				0C08B11D2BDB407300276A62 /* FavoriteButton.swift in Sources */,
				0C08B1402BDB555200276A62 /* CategoryItem.swift in Sources */,
				0C08B1362BDB49E200276A62 /* HikeDetail.swift in Sources */,
				0C099CE32BDB604300AFF7CF /* ProfileSummary.swift in Sources */,
				0C08B1212BDB427400276A62 /* HexagonParameters.swift in Sources */,
				0C099CE12BDB600E00AFF7CF /* ProfileHost.swift in Sources */,
				0C08B12E2BDB480100276A62 /* Hike.swift in Sources */,
				0C08B1272BDB43FD00276A62 /* RotatedBadgeSymbol.swift in Sources */,
				0C099CED2BDCD0BE00AFF7CF /* PageView.swift in Sources */,
				0C08B1252BDB43A200276A62 /* BadgeSymbol.swift in Sources */,
				0C099CE72BDC747C00AFF7CF /* ProfileEditor.swift in Sources */,
				0C08B1192BDB375500276A62 /* LandmarkList.swift in Sources */,
				0C08B1372BDB49E200276A62 /* HikeView.swift in Sources */,
				0C08B11B2BDB3AA200276A62 /* LandmarkDetail.swift in Sources */,
				0C099CE92BDCCF8000AFF7CF /* PageViewController.swift in Sources */,
				0C08B1232BDB42D700276A62 /* BadgeBackground.swift in Sources */,
				0C099CE52BDC70E400AFF7CF /* HikeBadge.swift in Sources */,
				0C08B10A2BDA16B800276A62 /* CircleImage.swift in Sources */,
				0C08B10E2BDA29B200276A62 /* Landmark.swift in Sources */,
				0C08B1172BDB33F700276A62 /* LandmarkRow.swift in Sources */,
				0C08B1132BDA2AD000276A62 /* ModelData.swift in Sources */,
			);
			runOnlyForDeploymentPostprocessing = 0;
		};
		0C08B0E82BDA10DC00276A62 /* Sources */ = {
			isa = PBXSourcesBuildPhase;
			buildActionMask = 2147483647;
			files = (
				0C08B0F12BDA10DC00276A62 /* LandmarksTests.swift in Sources */,
			);
			runOnlyForDeploymentPostprocessing = 0;
		};
		0C08B0F22BDA10DC00276A62 /* Sources */ = {
			isa = PBXSourcesBuildPhase;
			buildActionMask = 2147483647;
			files = (
				0C08B0FD2BDA10DC00276A62 /* LandmarksUITestsLaunchTests.swift in Sources */,
				0C08B0FB2BDA10DC00276A62 /* LandmarksUITests.swift in Sources */,
			);
			runOnlyForDeploymentPostprocessing = 0;
		};
		0C099CF12BDCDF6B00AFF7CF /* Sources */ = {
			isa = PBXSourcesBuildPhase;
			buildActionMask = 2147483647;
			files = (
				0C099D702BE0B45200AFF7CF /* Landmark.swift in Sources */,
				0C099CFA2BDCDF6B00AFF7CF /* ContentView.swift in Sources */,
				0C099D272BDF4E6D00AFF7CF /* MapView.swift in Sources */,
				0C099D292BDF4E6D00AFF7CF /* LandmarksApp.swift in Sources */,
				0C7691BD2BE355D800F3C996 /* LandmarkList.swift in Sources */,
				0C099D282BDF4E6D00AFF7CF /* Profile.swift in Sources */,
				0C099D262BDF4E6D00AFF7CF /* ModelData.swift in Sources */,
				0C099D2C2BDF4E6D00AFF7CF /* Hike.swift in Sources */,
				0C099D242BDF4E6D00AFF7CF /* LandmarkRow.swift in Sources */,
				0C099D332BDF565E00AFF7CF /* NotificationController.swift in Sources */,
				0C099D2D2BDF4E6D00AFF7CF /* CircleImage.swift in Sources */,
				0C099D762BE0B61F00AFF7CF /* FavoriteButton.swift in Sources */,
				0C099D2F2BDF4F8000AFF7CF /* LandmarkDetail.swift in Sources */,
				0C099D312BDF55D100AFF7CF /* NotificationView.swift in Sources */,
			);
			runOnlyForDeploymentPostprocessing = 0;
		};
		0C099D002BDCDF6D00AFF7CF /* Sources */ = {
			isa = PBXSourcesBuildPhase;
			buildActionMask = 2147483647;
			files = (
				0C099D092BDCDF6D00AFF7CF /* WatchLandmarks_Watch_AppTests.swift in Sources */,
			);
			runOnlyForDeploymentPostprocessing = 0;
		};
		0C099D0A2BDCDF6D00AFF7CF /* Sources */ = {
			isa = PBXSourcesBuildPhase;
			buildActionMask = 2147483647;
			files = (
				0C099D152BDCDF6D00AFF7CF /* WatchLandmarks_Watch_AppUITestsLaunchTests.swift in Sources */,
				0C099D132BDCDF6D00AFF7CF /* WatchLandmarks_Watch_AppUITests.swift in Sources */,
			);
			runOnlyForDeploymentPostprocessing = 0;
		};
		0C099D352BE0B2E300AFF7CF /* Sources */ = {
			isa = PBXSourcesBuildPhase;
			buildActionMask = 2147483647;
			files = (
				0C099D672BE0B44D00AFF7CF /* Hike.swift in Sources */,
				0C099D6A2BE0B44D00AFF7CF /* CircleImage.swift in Sources */,
				0C7691C22BE35BA500F3C996 /* LandmarkSettings.swift in Sources */,
				0C099D3E2BE0B2E300AFF7CF /* ContentView.swift in Sources */,
				0C099D682BE0B44D00AFF7CF /* LandmarkRow.swift in Sources */,
				0C7691C02BE358D700F3C996 /* LandmarkCommands.swift in Sources */,
				0C099D782BE0B66400AFF7CF /* LandmarkDetail.swift in Sources */,
				0C099D692BE0B44D00AFF7CF /* LandmarkList.swift in Sources */,
				0C099D662BE0B44D00AFF7CF /* ModelData.swift in Sources */,
				0C099D652BE0B44D00AFF7CF /* Profile.swift in Sources */,
				0C099D6B2BE0B44D00AFF7CF /* MapView.swift in Sources */,
				0C099D642BE0B3AA00AFF7CF /* LandmarksApp.swift in Sources */,
				0C099D732BE0B5E800AFF7CF /* FavoriteButton.swift in Sources */,
				0C099D6E2BE0B44D00AFF7CF /* Landmark.swift in Sources */,
			);
			runOnlyForDeploymentPostprocessing = 0;
		};
		0C099D452BE0B2E500AFF7CF /* Sources */ = {
			isa = PBXSourcesBuildPhase;
			buildActionMask = 2147483647;
			files = (
				0C099D4E2BE0B2E500AFF7CF /* MacLandmarksTests.swift in Sources */,
			);
			runOnlyForDeploymentPostprocessing = 0;
		};
		0C099D4F2BE0B2E500AFF7CF /* Sources */ = {
			isa = PBXSourcesBuildPhase;
			buildActionMask = 2147483647;
			files = (
				0C099D5A2BE0B2E500AFF7CF /* MacLandmarksUITestsLaunchTests.swift in Sources */,
				0C099D582BE0B2E500AFF7CF /* MacLandmarksUITests.swift in Sources */,
			);
			runOnlyForDeploymentPostprocessing = 0;
		};
/* End PBXSourcesBuildPhase section */

/* Begin PBXTargetDependency section */
		0C08B0EE2BDA10DC00276A62 /* PBXTargetDependency */ = {
			isa = PBXTargetDependency;
			target = 0C08B0DB2BDA10DB00276A62 /* Landmarks */;
			targetProxy = 0C08B0ED2BDA10DC00276A62 /* PBXContainerItemProxy */;
		};
		0C08B0F82BDA10DC00276A62 /* PBXTargetDependency */ = {
			isa = PBXTargetDependency;
			target = 0C08B0DB2BDA10DB00276A62 /* Landmarks */;
			targetProxy = 0C08B0F72BDA10DC00276A62 /* PBXContainerItemProxy */;
		};
		0C099D062BDCDF6D00AFF7CF /* PBXTargetDependency */ = {
			isa = PBXTargetDependency;
			target = 0C099CF42BDCDF6B00AFF7CF /* WatchLandmarks Watch App */;
			targetProxy = 0C099D052BDCDF6D00AFF7CF /* PBXContainerItemProxy */;
		};
		0C099D102BDCDF6D00AFF7CF /* PBXTargetDependency */ = {
			isa = PBXTargetDependency;
			target = 0C099CF42BDCDF6B00AFF7CF /* WatchLandmarks Watch App */;
			targetProxy = 0C099D0F2BDCDF6D00AFF7CF /* PBXContainerItemProxy */;
		};
		0C099D172BDCDF6D00AFF7CF /* PBXTargetDependency */ = {
			isa = PBXTargetDependency;
			target = 0C099CF42BDCDF6B00AFF7CF /* WatchLandmarks Watch App */;
			targetProxy = 0C099D162BDCDF6D00AFF7CF /* PBXContainerItemProxy */;
		};
		0C099D4B2BE0B2E500AFF7CF /* PBXTargetDependency */ = {
			isa = PBXTargetDependency;
			target = 0C099D382BE0B2E300AFF7CF /* MacLandmarks */;
			targetProxy = 0C099D4A2BE0B2E500AFF7CF /* PBXContainerItemProxy */;
		};
		0C099D552BE0B2E500AFF7CF /* PBXTargetDependency */ = {
			isa = PBXTargetDependency;
			target = 0C099D382BE0B2E300AFF7CF /* MacLandmarks */;
			targetProxy = 0C099D542BE0B2E500AFF7CF /* PBXContainerItemProxy */;
		};
/* End PBXTargetDependency section */

/* Begin XCBuildConfiguration section */
		0C08B0FE2BDA10DC00276A62 /* Debug */ = {
			isa = XCBuildConfiguration;
			buildSettings = {
				ALWAYS_SEARCH_USER_PATHS = NO;
				ASSETCATALOG_COMPILER_GENERATE_SWIFT_ASSET_SYMBOL_EXTENSIONS = YES;
				CLANG_ANALYZER_NONNULL = YES;
				CLANG_ANALYZER_NUMBER_OBJECT_CONVERSION = YES_AGGRESSIVE;
				CLANG_CXX_LANGUAGE_STANDARD = "gnu++20";
				CLANG_ENABLE_MODULES = YES;
				CLANG_ENABLE_OBJC_ARC = YES;
				CLANG_ENABLE_OBJC_WEAK = YES;
				CLANG_WARN_BLOCK_CAPTURE_AUTORELEASING = YES;
				CLANG_WARN_BOOL_CONVERSION = YES;
				CLANG_WARN_COMMA = YES;
				CLANG_WARN_CONSTANT_CONVERSION = YES;
				CLANG_WARN_DEPRECATED_OBJC_IMPLEMENTATIONS = YES;
				CLANG_WARN_DIRECT_OBJC_ISA_USAGE = YES_ERROR;
				CLANG_WARN_DOCUMENTATION_COMMENTS = YES;
				CLANG_WARN_EMPTY_BODY = YES;
				CLANG_WARN_ENUM_CONVERSION = YES;
				CLANG_WARN_INFINITE_RECURSION = YES;
				CLANG_WARN_INT_CONVERSION = YES;
				CLANG_WARN_NON_LITERAL_NULL_CONVERSION = YES;
				CLANG_WARN_OBJC_IMPLICIT_RETAIN_SELF = YES;
				CLANG_WARN_OBJC_LITERAL_CONVERSION = YES;
				CLANG_WARN_OBJC_ROOT_CLASS = YES_ERROR;
				CLANG_WARN_QUOTED_INCLUDE_IN_FRAMEWORK_HEADER = YES;
				CLANG_WARN_RANGE_LOOP_ANALYSIS = YES;
				CLANG_WARN_STRICT_PROTOTYPES = YES;
				CLANG_WARN_SUSPICIOUS_MOVE = YES;
				CLANG_WARN_UNGUARDED_AVAILABILITY = YES_AGGRESSIVE;
				CLANG_WARN_UNREACHABLE_CODE = YES;
				CLANG_WARN__DUPLICATE_METHOD_MATCH = YES;
				COPY_PHASE_STRIP = NO;
				DEBUG_INFORMATION_FORMAT = dwarf;
				ENABLE_STRICT_OBJC_MSGSEND = YES;
				ENABLE_TESTABILITY = YES;
				ENABLE_USER_SCRIPT_SANDBOXING = YES;
				GCC_C_LANGUAGE_STANDARD = gnu17;
				GCC_DYNAMIC_NO_PIC = NO;
				GCC_NO_COMMON_BLOCKS = YES;
				GCC_OPTIMIZATION_LEVEL = 0;
				GCC_PREPROCESSOR_DEFINITIONS = (
					"DEBUG=1",
					"$(inherited)",
				);
				GCC_WARN_64_TO_32_BIT_CONVERSION = YES;
				GCC_WARN_ABOUT_RETURN_TYPE = YES_ERROR;
				GCC_WARN_UNDECLARED_SELECTOR = YES;
				GCC_WARN_UNINITIALIZED_AUTOS = YES_AGGRESSIVE;
				GCC_WARN_UNUSED_FUNCTION = YES;
				GCC_WARN_UNUSED_VARIABLE = YES;
				IPHONEOS_DEPLOYMENT_TARGET = 17.2;
				LOCALIZATION_PREFERS_STRING_CATALOGS = YES;
				MTL_ENABLE_DEBUG_INFO = INCLUDE_SOURCE;
				MTL_FAST_MATH = YES;
				ONLY_ACTIVE_ARCH = YES;
				SDKROOT = iphoneos;
				SWIFT_ACTIVE_COMPILATION_CONDITIONS = "DEBUG $(inherited)";
				SWIFT_OPTIMIZATION_LEVEL = "-Onone";
			};
			name = Debug;
		};
		0C08B0FF2BDA10DC00276A62 /* Release */ = {
			isa = XCBuildConfiguration;
			buildSettings = {
				ALWAYS_SEARCH_USER_PATHS = NO;
				ASSETCATALOG_COMPILER_GENERATE_SWIFT_ASSET_SYMBOL_EXTENSIONS = YES;
				CLANG_ANALYZER_NONNULL = YES;
				CLANG_ANALYZER_NUMBER_OBJECT_CONVERSION = YES_AGGRESSIVE;
				CLANG_CXX_LANGUAGE_STANDARD = "gnu++20";
				CLANG_ENABLE_MODULES = YES;
				CLANG_ENABLE_OBJC_ARC = YES;
				CLANG_ENABLE_OBJC_WEAK = YES;
				CLANG_WARN_BLOCK_CAPTURE_AUTORELEASING = YES;
				CLANG_WARN_BOOL_CONVERSION = YES;
				CLANG_WARN_COMMA = YES;
				CLANG_WARN_CONSTANT_CONVERSION = YES;
				CLANG_WARN_DEPRECATED_OBJC_IMPLEMENTATIONS = YES;
				CLANG_WARN_DIRECT_OBJC_ISA_USAGE = YES_ERROR;
				CLANG_WARN_DOCUMENTATION_COMMENTS = YES;
				CLANG_WARN_EMPTY_BODY = YES;
				CLANG_WARN_ENUM_CONVERSION = YES;
				CLANG_WARN_INFINITE_RECURSION = YES;
				CLANG_WARN_INT_CONVERSION = YES;
				CLANG_WARN_NON_LITERAL_NULL_CONVERSION = YES;
				CLANG_WARN_OBJC_IMPLICIT_RETAIN_SELF = YES;
				CLANG_WARN_OBJC_LITERAL_CONVERSION = YES;
				CLANG_WARN_OBJC_ROOT_CLASS = YES_ERROR;
				CLANG_WARN_QUOTED_INCLUDE_IN_FRAMEWORK_HEADER = YES;
				CLANG_WARN_RANGE_LOOP_ANALYSIS = YES;
				CLANG_WARN_STRICT_PROTOTYPES = YES;
				CLANG_WARN_SUSPICIOUS_MOVE = YES;
				CLANG_WARN_UNGUARDED_AVAILABILITY = YES_AGGRESSIVE;
				CLANG_WARN_UNREACHABLE_CODE = YES;
				CLANG_WARN__DUPLICATE_METHOD_MATCH = YES;
				COPY_PHASE_STRIP = NO;
				DEBUG_INFORMATION_FORMAT = "dwarf-with-dsym";
				ENABLE_NS_ASSERTIONS = NO;
				ENABLE_STRICT_OBJC_MSGSEND = YES;
				ENABLE_USER_SCRIPT_SANDBOXING = YES;
				GCC_C_LANGUAGE_STANDARD = gnu17;
				GCC_NO_COMMON_BLOCKS = YES;
				GCC_WARN_64_TO_32_BIT_CONVERSION = YES;
				GCC_WARN_ABOUT_RETURN_TYPE = YES_ERROR;
				GCC_WARN_UNDECLARED_SELECTOR = YES;
				GCC_WARN_UNINITIALIZED_AUTOS = YES_AGGRESSIVE;
				GCC_WARN_UNUSED_FUNCTION = YES;
				GCC_WARN_UNUSED_VARIABLE = YES;
				IPHONEOS_DEPLOYMENT_TARGET = 17.2;
				LOCALIZATION_PREFERS_STRING_CATALOGS = YES;
				MTL_ENABLE_DEBUG_INFO = NO;
				MTL_FAST_MATH = YES;
				SDKROOT = iphoneos;
				SWIFT_COMPILATION_MODE = wholemodule;
				VALIDATE_PRODUCT = YES;
			};
			name = Release;
		};
		0C08B1012BDA10DC00276A62 /* Debug */ = {
			isa = XCBuildConfiguration;
			buildSettings = {
				ALWAYS_EMBED_SWIFT_STANDARD_LIBRARIES = YES;
				ASSETCATALOG_COMPILER_APPICON_NAME = AppIcon;
				ASSETCATALOG_COMPILER_GLOBAL_ACCENT_COLOR_NAME = AccentColor;
				CODE_SIGN_STYLE = Automatic;
				CURRENT_PROJECT_VERSION = 1;
				DEVELOPMENT_ASSET_PATHS = "\"Landmarks/Preview Content\"";
				DEVELOPMENT_TEAM = JSHVDTA6QU;
				ENABLE_PREVIEWS = YES;
				GENERATE_INFOPLIST_FILE = YES;
				INFOPLIST_KEY_UIApplicationSceneManifest_Generation = YES;
				INFOPLIST_KEY_UIApplicationSupportsIndirectInputEvents = YES;
				INFOPLIST_KEY_UILaunchScreen_Generation = YES;
				INFOPLIST_KEY_UISupportedInterfaceOrientations_iPad = "UIInterfaceOrientationPortrait UIInterfaceOrientationPortraitUpsideDown UIInterfaceOrientationLandscapeLeft UIInterfaceOrientationLandscapeRight";
				INFOPLIST_KEY_UISupportedInterfaceOrientations_iPhone = "UIInterfaceOrientationPortrait UIInterfaceOrientationLandscapeLeft UIInterfaceOrientationLandscapeRight";
				LD_RUNPATH_SEARCH_PATHS = (
					"$(inherited)",
					"@executable_path/Frameworks",
				);
				MARKETING_VERSION = 1.0;
				PRODUCT_BUNDLE_IDENTIFIER = Shelfinna.Landmarks;
				PRODUCT_NAME = "$(TARGET_NAME)";
				SWIFT_EMIT_LOC_STRINGS = YES;
				SWIFT_VERSION = 5.0;
				TARGETED_DEVICE_FAMILY = "1,2";
			};
			name = Debug;
		};
		0C08B1022BDA10DC00276A62 /* Release */ = {
			isa = XCBuildConfiguration;
			buildSettings = {
				ALWAYS_EMBED_SWIFT_STANDARD_LIBRARIES = YES;
				ASSETCATALOG_COMPILER_APPICON_NAME = AppIcon;
				ASSETCATALOG_COMPILER_GLOBAL_ACCENT_COLOR_NAME = AccentColor;
				CODE_SIGN_STYLE = Automatic;
				CURRENT_PROJECT_VERSION = 1;
				DEVELOPMENT_ASSET_PATHS = "\"Landmarks/Preview Content\"";
				DEVELOPMENT_TEAM = JSHVDTA6QU;
				ENABLE_PREVIEWS = YES;
				GENERATE_INFOPLIST_FILE = YES;
				INFOPLIST_KEY_UIApplicationSceneManifest_Generation = YES;
				INFOPLIST_KEY_UIApplicationSupportsIndirectInputEvents = YES;
				INFOPLIST_KEY_UILaunchScreen_Generation = YES;
				INFOPLIST_KEY_UISupportedInterfaceOrientations_iPad = "UIInterfaceOrientationPortrait UIInterfaceOrientationPortraitUpsideDown UIInterfaceOrientationLandscapeLeft UIInterfaceOrientationLandscapeRight";
				INFOPLIST_KEY_UISupportedInterfaceOrientations_iPhone = "UIInterfaceOrientationPortrait UIInterfaceOrientationLandscapeLeft UIInterfaceOrientationLandscapeRight";
				LD_RUNPATH_SEARCH_PATHS = (
					"$(inherited)",
					"@executable_path/Frameworks",
				);
				MARKETING_VERSION = 1.0;
				PRODUCT_BUNDLE_IDENTIFIER = Shelfinna.Landmarks;
				PRODUCT_NAME = "$(TARGET_NAME)";
				SWIFT_EMIT_LOC_STRINGS = YES;
				SWIFT_VERSION = 5.0;
				TARGETED_DEVICE_FAMILY = "1,2";
			};
			name = Release;
		};
		0C08B1042BDA10DC00276A62 /* Debug */ = {
			isa = XCBuildConfiguration;
			buildSettings = {
				ALWAYS_EMBED_SWIFT_STANDARD_LIBRARIES = YES;
				BUNDLE_LOADER = "$(TEST_HOST)";
				CODE_SIGN_STYLE = Automatic;
				CURRENT_PROJECT_VERSION = 1;
				DEVELOPMENT_TEAM = JSHVDTA6QU;
				GENERATE_INFOPLIST_FILE = YES;
				IPHONEOS_DEPLOYMENT_TARGET = 17.2;
				MARKETING_VERSION = 1.0;
				PRODUCT_BUNDLE_IDENTIFIER = Shelfinna.LandmarksTests;
				PRODUCT_NAME = "$(TARGET_NAME)";
				SWIFT_EMIT_LOC_STRINGS = NO;
				SWIFT_VERSION = 5.0;
				TARGETED_DEVICE_FAMILY = "1,2";
				TEST_HOST = "$(BUILT_PRODUCTS_DIR)/Landmarks.app/$(BUNDLE_EXECUTABLE_FOLDER_PATH)/Landmarks";
			};
			name = Debug;
		};
		0C08B1052BDA10DC00276A62 /* Release */ = {
			isa = XCBuildConfiguration;
			buildSettings = {
				ALWAYS_EMBED_SWIFT_STANDARD_LIBRARIES = YES;
				BUNDLE_LOADER = "$(TEST_HOST)";
				CODE_SIGN_STYLE = Automatic;
				CURRENT_PROJECT_VERSION = 1;
				DEVELOPMENT_TEAM = JSHVDTA6QU;
				GENERATE_INFOPLIST_FILE = YES;
				IPHONEOS_DEPLOYMENT_TARGET = 17.2;
				MARKETING_VERSION = 1.0;
				PRODUCT_BUNDLE_IDENTIFIER = Shelfinna.LandmarksTests;
				PRODUCT_NAME = "$(TARGET_NAME)";
				SWIFT_EMIT_LOC_STRINGS = NO;
				SWIFT_VERSION = 5.0;
				TARGETED_DEVICE_FAMILY = "1,2";
				TEST_HOST = "$(BUILT_PRODUCTS_DIR)/Landmarks.app/$(BUNDLE_EXECUTABLE_FOLDER_PATH)/Landmarks";
			};
			name = Release;
		};
		0C08B1072BDA10DC00276A62 /* Debug */ = {
			isa = XCBuildConfiguration;
			buildSettings = {
				ALWAYS_EMBED_SWIFT_STANDARD_LIBRARIES = YES;
				CODE_SIGN_STYLE = Automatic;
				CURRENT_PROJECT_VERSION = 1;
				DEVELOPMENT_TEAM = JSHVDTA6QU;
				GENERATE_INFOPLIST_FILE = YES;
				MARKETING_VERSION = 1.0;
				PRODUCT_BUNDLE_IDENTIFIER = Shelfinna.LandmarksUITests;
				PRODUCT_NAME = "$(TARGET_NAME)";
				SWIFT_EMIT_LOC_STRINGS = NO;
				SWIFT_VERSION = 5.0;
				TARGETED_DEVICE_FAMILY = "1,2";
				TEST_TARGET_NAME = Landmarks;
			};
			name = Debug;
		};
		0C08B1082BDA10DC00276A62 /* Release */ = {
			isa = XCBuildConfiguration;
			buildSettings = {
				ALWAYS_EMBED_SWIFT_STANDARD_LIBRARIES = YES;
				CODE_SIGN_STYLE = Automatic;
				CURRENT_PROJECT_VERSION = 1;
				DEVELOPMENT_TEAM = JSHVDTA6QU;
				GENERATE_INFOPLIST_FILE = YES;
				MARKETING_VERSION = 1.0;
				PRODUCT_BUNDLE_IDENTIFIER = Shelfinna.LandmarksUITests;
				PRODUCT_NAME = "$(TARGET_NAME)";
				SWIFT_EMIT_LOC_STRINGS = NO;
				SWIFT_VERSION = 5.0;
				TARGETED_DEVICE_FAMILY = "1,2";
				TEST_TARGET_NAME = Landmarks;
			};
			name = Release;
		};
		0C099D1A2BDCDF6D00AFF7CF /* Debug */ = {
			isa = XCBuildConfiguration;
			buildSettings = {
				ASSETCATALOG_COMPILER_APPICON_NAME = AppIcon;
				ASSETCATALOG_COMPILER_GLOBAL_ACCENT_COLOR_NAME = AccentColor;
				CODE_SIGN_STYLE = Automatic;
				CURRENT_PROJECT_VERSION = 1;
				DEVELOPMENT_ASSET_PATHS = "\"WatchLandmarks Watch App/Preview Content\"";
				DEVELOPMENT_TEAM = JSHVDTA6QU;
				ENABLE_PREVIEWS = YES;
				GENERATE_INFOPLIST_FILE = YES;
				INFOPLIST_KEY_CFBundleDisplayName = WatchLandmarks;
				INFOPLIST_KEY_UISupportedInterfaceOrientations = "UIInterfaceOrientationPortrait UIInterfaceOrientationPortraitUpsideDown";
				INFOPLIST_KEY_WKCompanionAppBundleIdentifier = Shelfinna.Landmarks;
				INFOPLIST_KEY_WKRunsIndependentlyOfCompanionApp = YES;
				LD_RUNPATH_SEARCH_PATHS = (
					"$(inherited)",
					"@executable_path/Frameworks",
				);
				MARKETING_VERSION = 1.0;
				PRODUCT_BUNDLE_IDENTIFIER = Shelfinna.Landmarks.watchkitapp;
				PRODUCT_NAME = "$(TARGET_NAME)";
				SDKROOT = watchos;
				SKIP_INSTALL = YES;
				SWIFT_EMIT_LOC_STRINGS = YES;
				SWIFT_VERSION = 5.0;
				TARGETED_DEVICE_FAMILY = 4;
				WATCHOS_DEPLOYMENT_TARGET = 10.2;
			};
			name = Debug;
		};
		0C099D1B2BDCDF6D00AFF7CF /* Release */ = {
			isa = XCBuildConfiguration;
			buildSettings = {
				ASSETCATALOG_COMPILER_APPICON_NAME = AppIcon;
				ASSETCATALOG_COMPILER_GLOBAL_ACCENT_COLOR_NAME = AccentColor;
				CODE_SIGN_STYLE = Automatic;
				CURRENT_PROJECT_VERSION = 1;
				DEVELOPMENT_ASSET_PATHS = "\"WatchLandmarks Watch App/Preview Content\"";
				DEVELOPMENT_TEAM = JSHVDTA6QU;
				ENABLE_PREVIEWS = YES;
				GENERATE_INFOPLIST_FILE = YES;
				INFOPLIST_KEY_CFBundleDisplayName = WatchLandmarks;
				INFOPLIST_KEY_UISupportedInterfaceOrientations = "UIInterfaceOrientationPortrait UIInterfaceOrientationPortraitUpsideDown";
				INFOPLIST_KEY_WKCompanionAppBundleIdentifier = Shelfinna.Landmarks;
				INFOPLIST_KEY_WKRunsIndependentlyOfCompanionApp = YES;
				LD_RUNPATH_SEARCH_PATHS = (
					"$(inherited)",
					"@executable_path/Frameworks",
				);
				MARKETING_VERSION = 1.0;
				PRODUCT_BUNDLE_IDENTIFIER = Shelfinna.Landmarks.watchkitapp;
				PRODUCT_NAME = "$(TARGET_NAME)";
				SDKROOT = watchos;
				SKIP_INSTALL = YES;
				SWIFT_EMIT_LOC_STRINGS = YES;
				SWIFT_VERSION = 5.0;
				TARGETED_DEVICE_FAMILY = 4;
				WATCHOS_DEPLOYMENT_TARGET = 10.2;
			};
			name = Release;
		};
		0C099D1E2BDCDF6D00AFF7CF /* Debug */ = {
			isa = XCBuildConfiguration;
			buildSettings = {
				ALWAYS_EMBED_SWIFT_STANDARD_LIBRARIES = YES;
				BUNDLE_LOADER = "$(TEST_HOST)";
				CODE_SIGN_STYLE = Automatic;
				CURRENT_PROJECT_VERSION = 1;
				GENERATE_INFOPLIST_FILE = YES;
				MARKETING_VERSION = 1.0;
				PRODUCT_BUNDLE_IDENTIFIER = "Shelfinna.WatchLandmarks-Watch-AppTests";
				PRODUCT_NAME = "$(TARGET_NAME)";
				SDKROOT = watchos;
				SWIFT_EMIT_LOC_STRINGS = NO;
				SWIFT_VERSION = 5.0;
				TARGETED_DEVICE_FAMILY = 4;
				TEST_HOST = "$(BUILT_PRODUCTS_DIR)/WatchLandmarks Watch App.app/$(BUNDLE_EXECUTABLE_FOLDER_PATH)/WatchLandmarks Watch App";
				WATCHOS_DEPLOYMENT_TARGET = 10.2;
			};
			name = Debug;
		};
		0C099D1F2BDCDF6D00AFF7CF /* Release */ = {
			isa = XCBuildConfiguration;
			buildSettings = {
				ALWAYS_EMBED_SWIFT_STANDARD_LIBRARIES = YES;
				BUNDLE_LOADER = "$(TEST_HOST)";
				CODE_SIGN_STYLE = Automatic;
				CURRENT_PROJECT_VERSION = 1;
				GENERATE_INFOPLIST_FILE = YES;
				MARKETING_VERSION = 1.0;
				PRODUCT_BUNDLE_IDENTIFIER = "Shelfinna.WatchLandmarks-Watch-AppTests";
				PRODUCT_NAME = "$(TARGET_NAME)";
				SDKROOT = watchos;
				SWIFT_EMIT_LOC_STRINGS = NO;
				SWIFT_VERSION = 5.0;
				TARGETED_DEVICE_FAMILY = 4;
				TEST_HOST = "$(BUILT_PRODUCTS_DIR)/WatchLandmarks Watch App.app/$(BUNDLE_EXECUTABLE_FOLDER_PATH)/WatchLandmarks Watch App";
				WATCHOS_DEPLOYMENT_TARGET = 10.2;
			};
			name = Release;
		};
		0C099D212BDCDF6D00AFF7CF /* Debug */ = {
			isa = XCBuildConfiguration;
			buildSettings = {
				ALWAYS_EMBED_SWIFT_STANDARD_LIBRARIES = YES;
				CODE_SIGN_STYLE = Automatic;
				CURRENT_PROJECT_VERSION = 1;
				GENERATE_INFOPLIST_FILE = YES;
				MARKETING_VERSION = 1.0;
				PRODUCT_BUNDLE_IDENTIFIER = "Shelfinna.WatchLandmarks-Watch-AppUITests";
				PRODUCT_NAME = "$(TARGET_NAME)";
				SDKROOT = watchos;
				SWIFT_EMIT_LOC_STRINGS = NO;
				SWIFT_VERSION = 5.0;
				TARGETED_DEVICE_FAMILY = 4;
				TEST_TARGET_NAME = "WatchLandmarks Watch App";
				WATCHOS_DEPLOYMENT_TARGET = 10.2;
			};
			name = Debug;
		};
		0C099D222BDCDF6D00AFF7CF /* Release */ = {
			isa = XCBuildConfiguration;
			buildSettings = {
				ALWAYS_EMBED_SWIFT_STANDARD_LIBRARIES = YES;
				CODE_SIGN_STYLE = Automatic;
				CURRENT_PROJECT_VERSION = 1;
				GENERATE_INFOPLIST_FILE = YES;
				MARKETING_VERSION = 1.0;
				PRODUCT_BUNDLE_IDENTIFIER = "Shelfinna.WatchLandmarks-Watch-AppUITests";
				PRODUCT_NAME = "$(TARGET_NAME)";
				SDKROOT = watchos;
				SWIFT_EMIT_LOC_STRINGS = NO;
				SWIFT_VERSION = 5.0;
				TARGETED_DEVICE_FAMILY = 4;
				TEST_TARGET_NAME = "WatchLandmarks Watch App";
				WATCHOS_DEPLOYMENT_TARGET = 10.2;
			};
			name = Release;
		};
		0C099D5B2BE0B2E500AFF7CF /* Debug */ = {
			isa = XCBuildConfiguration;
			buildSettings = {
				ASSETCATALOG_COMPILER_APPICON_NAME = AppIcon;
				ASSETCATALOG_COMPILER_GLOBAL_ACCENT_COLOR_NAME = AccentColor;
				CODE_SIGN_ENTITLEMENTS = MacLandmarks/MacLandmarks.entitlements;
				CODE_SIGN_STYLE = Automatic;
				COMBINE_HIDPI_IMAGES = YES;
				CURRENT_PROJECT_VERSION = 1;
				DEVELOPMENT_ASSET_PATHS = "\"MacLandmarks/Preview Content\"";
				ENABLE_PREVIEWS = YES;
				GENERATE_INFOPLIST_FILE = YES;
				INFOPLIST_KEY_NSHumanReadableCopyright = "";
				LD_RUNPATH_SEARCH_PATHS = (
					"$(inherited)",
					"@executable_path/../Frameworks",
				);
				MACOSX_DEPLOYMENT_TARGET = 14.1;
				MARKETING_VERSION = 1.0;
				PRODUCT_BUNDLE_IDENTIFIER = Shelfinna.MacLandmarks;
				PRODUCT_NAME = "$(TARGET_NAME)";
				SDKROOT = macosx;
				SWIFT_EMIT_LOC_STRINGS = YES;
				SWIFT_VERSION = 5.0;
			};
			name = Debug;
		};
		0C099D5C2BE0B2E500AFF7CF /* Release */ = {
			isa = XCBuildConfiguration;
			buildSettings = {
				ASSETCATALOG_COMPILER_APPICON_NAME = AppIcon;
				ASSETCATALOG_COMPILER_GLOBAL_ACCENT_COLOR_NAME = AccentColor;
				CODE_SIGN_ENTITLEMENTS = MacLandmarks/MacLandmarks.entitlements;
				CODE_SIGN_STYLE = Automatic;
				COMBINE_HIDPI_IMAGES = YES;
				CURRENT_PROJECT_VERSION = 1;
				DEVELOPMENT_ASSET_PATHS = "\"MacLandmarks/Preview Content\"";
				ENABLE_PREVIEWS = YES;
				GENERATE_INFOPLIST_FILE = YES;
				INFOPLIST_KEY_NSHumanReadableCopyright = "";
				LD_RUNPATH_SEARCH_PATHS = (
					"$(inherited)",
					"@executable_path/../Frameworks",
				);
				MACOSX_DEPLOYMENT_TARGET = 14.1;
				MARKETING_VERSION = 1.0;
				PRODUCT_BUNDLE_IDENTIFIER = Shelfinna.MacLandmarks;
				PRODUCT_NAME = "$(TARGET_NAME)";
				SDKROOT = macosx;
				SWIFT_EMIT_LOC_STRINGS = YES;
				SWIFT_VERSION = 5.0;
			};
			name = Release;
		};
		0C099D5D2BE0B2E500AFF7CF /* Debug */ = {
			isa = XCBuildConfiguration;
			buildSettings = {
				ALWAYS_EMBED_SWIFT_STANDARD_LIBRARIES = YES;
				BUNDLE_LOADER = "$(TEST_HOST)";
				CODE_SIGN_STYLE = Automatic;
				CURRENT_PROJECT_VERSION = 1;
				GENERATE_INFOPLIST_FILE = YES;
				MACOSX_DEPLOYMENT_TARGET = 14.1;
				MARKETING_VERSION = 1.0;
				PRODUCT_BUNDLE_IDENTIFIER = Shelfinna.MacLandmarksTests;
				PRODUCT_NAME = "$(TARGET_NAME)";
				SDKROOT = macosx;
				SWIFT_EMIT_LOC_STRINGS = NO;
				SWIFT_VERSION = 5.0;
				TEST_HOST = "$(BUILT_PRODUCTS_DIR)/MacLandmarks.app/$(BUNDLE_EXECUTABLE_FOLDER_PATH)/MacLandmarks";
			};
			name = Debug;
		};
		0C099D5E2BE0B2E500AFF7CF /* Release */ = {
			isa = XCBuildConfiguration;
			buildSettings = {
				ALWAYS_EMBED_SWIFT_STANDARD_LIBRARIES = YES;
				BUNDLE_LOADER = "$(TEST_HOST)";
				CODE_SIGN_STYLE = Automatic;
				CURRENT_PROJECT_VERSION = 1;
				GENERATE_INFOPLIST_FILE = YES;
				MACOSX_DEPLOYMENT_TARGET = 14.1;
				MARKETING_VERSION = 1.0;
				PRODUCT_BUNDLE_IDENTIFIER = Shelfinna.MacLandmarksTests;
				PRODUCT_NAME = "$(TARGET_NAME)";
				SDKROOT = macosx;
				SWIFT_EMIT_LOC_STRINGS = NO;
				SWIFT_VERSION = 5.0;
				TEST_HOST = "$(BUILT_PRODUCTS_DIR)/MacLandmarks.app/$(BUNDLE_EXECUTABLE_FOLDER_PATH)/MacLandmarks";
			};
			name = Release;
		};
		0C099D5F2BE0B2E500AFF7CF /* Debug */ = {
			isa = XCBuildConfiguration;
			buildSettings = {
				ALWAYS_EMBED_SWIFT_STANDARD_LIBRARIES = YES;
				CODE_SIGN_STYLE = Automatic;
				CURRENT_PROJECT_VERSION = 1;
				GENERATE_INFOPLIST_FILE = YES;
				MACOSX_DEPLOYMENT_TARGET = 14.1;
				MARKETING_VERSION = 1.0;
				PRODUCT_BUNDLE_IDENTIFIER = Shelfinna.MacLandmarksUITests;
				PRODUCT_NAME = "$(TARGET_NAME)";
				SDKROOT = macosx;
				SWIFT_EMIT_LOC_STRINGS = NO;
				SWIFT_VERSION = 5.0;
				TEST_TARGET_NAME = MacLandmarks;
			};
			name = Debug;
		};
		0C099D602BE0B2E500AFF7CF /* Release */ = {
			isa = XCBuildConfiguration;
			buildSettings = {
				ALWAYS_EMBED_SWIFT_STANDARD_LIBRARIES = YES;
				CODE_SIGN_STYLE = Automatic;
				CURRENT_PROJECT_VERSION = 1;
				GENERATE_INFOPLIST_FILE = YES;
				MACOSX_DEPLOYMENT_TARGET = 14.1;
				MARKETING_VERSION = 1.0;
				PRODUCT_BUNDLE_IDENTIFIER = Shelfinna.MacLandmarksUITests;
				PRODUCT_NAME = "$(TARGET_NAME)";
				SDKROOT = macosx;
				SWIFT_EMIT_LOC_STRINGS = NO;
				SWIFT_VERSION = 5.0;
				TEST_TARGET_NAME = MacLandmarks;
			};
			name = Release;
		};
/* End XCBuildConfiguration section */

/* Begin XCConfigurationList section */
		0C08B0D72BDA10DB00276A62 /* Build configuration list for PBXProject "Landmarks" */ = {
			isa = XCConfigurationList;
			buildConfigurations = (
				0C08B0FE2BDA10DC00276A62 /* Debug */,
				0C08B0FF2BDA10DC00276A62 /* Release */,
			);
			defaultConfigurationIsVisible = 0;
			defaultConfigurationName = Release;
		};
		0C08B1002BDA10DC00276A62 /* Build configuration list for PBXNativeTarget "Landmarks" */ = {
			isa = XCConfigurationList;
			buildConfigurations = (
				0C08B1012BDA10DC00276A62 /* Debug */,
				0C08B1022BDA10DC00276A62 /* Release */,
			);
			defaultConfigurationIsVisible = 0;
			defaultConfigurationName = Release;
		};
		0C08B1032BDA10DC00276A62 /* Build configuration list for PBXNativeTarget "LandmarksTests" */ = {
			isa = XCConfigurationList;
			buildConfigurations = (
				0C08B1042BDA10DC00276A62 /* Debug */,
				0C08B1052BDA10DC00276A62 /* Release */,
			);
			defaultConfigurationIsVisible = 0;
			defaultConfigurationName = Release;
		};
		0C08B1062BDA10DC00276A62 /* Build configuration list for PBXNativeTarget "LandmarksUITests" */ = {
			isa = XCConfigurationList;
			buildConfigurations = (
				0C08B1072BDA10DC00276A62 /* Debug */,
				0C08B1082BDA10DC00276A62 /* Release */,
			);
			defaultConfigurationIsVisible = 0;
			defaultConfigurationName = Release;
		};
		0C099D192BDCDF6D00AFF7CF /* Build configuration list for PBXNativeTarget "WatchLandmarks Watch App" */ = {
			isa = XCConfigurationList;
			buildConfigurations = (
				0C099D1A2BDCDF6D00AFF7CF /* Debug */,
				0C099D1B2BDCDF6D00AFF7CF /* Release */,
			);
			defaultConfigurationIsVisible = 0;
			defaultConfigurationName = Release;
		};
		0C099D1D2BDCDF6D00AFF7CF /* Build configuration list for PBXNativeTarget "WatchLandmarks Watch AppTests" */ = {
			isa = XCConfigurationList;
			buildConfigurations = (
				0C099D1E2BDCDF6D00AFF7CF /* Debug */,
				0C099D1F2BDCDF6D00AFF7CF /* Release */,
			);
			defaultConfigurationIsVisible = 0;
			defaultConfigurationName = Release;
		};
		0C099D202BDCDF6D00AFF7CF /* Build configuration list for PBXNativeTarget "WatchLandmarks Watch AppUITests" */ = {
			isa = XCConfigurationList;
			buildConfigurations = (
				0C099D212BDCDF6D00AFF7CF /* Debug */,
				0C099D222BDCDF6D00AFF7CF /* Release */,
			);
			defaultConfigurationIsVisible = 0;
			defaultConfigurationName = Release;
		};
		0C099D612BE0B2E500AFF7CF /* Build configuration list for PBXNativeTarget "MacLandmarks" */ = {
			isa = XCConfigurationList;
			buildConfigurations = (
				0C099D5B2BE0B2E500AFF7CF /* Debug */,
				0C099D5C2BE0B2E500AFF7CF /* Release */,
			);
			defaultConfigurationIsVisible = 0;
			defaultConfigurationName = Release;
		};
		0C099D622BE0B2E500AFF7CF /* Build configuration list for PBXNativeTarget "MacLandmarksTests" */ = {
			isa = XCConfigurationList;
			buildConfigurations = (
				0C099D5D2BE0B2E500AFF7CF /* Debug */,
				0C099D5E2BE0B2E500AFF7CF /* Release */,
			);
			defaultConfigurationIsVisible = 0;
			defaultConfigurationName = Release;
		};
		0C099D632BE0B2E500AFF7CF /* Build configuration list for PBXNativeTarget "MacLandmarksUITests" */ = {
			isa = XCConfigurationList;
			buildConfigurations = (
				0C099D5F2BE0B2E500AFF7CF /* Debug */,
				0C099D602BE0B2E500AFF7CF /* Release */,
			);
			defaultConfigurationIsVisible = 0;
			defaultConfigurationName = Release;
		};
/* End XCConfigurationList section */
	};
	rootObject = 0C08B0D42BDA10DB00276A62 /* Project object */;
}
