// !$*UTF8*$!
{
	archiveVersion = 1;
	classes = {
	};
	objectVersion = 56;
	objects = {

/* Begin PBXBuildFile section */
		0C08B0E02BDA10DB00276A62 /* LandmarksApp.swift in Sources */ = {isa = PBXBuildFile; fileRef = 0C08B0DF2BDA10DB00276A62 /* LandmarksApp.swift */; };
		0C08B0E22BDA10DB00276A62 /* ContentView.swift in Sources */ = {isa = PBXBuildFile; fileRef = 0C08B0E12BDA10DB00276A62 /* ContentView.swift */; };
		0C08B0E42BDA10DC00276A62 /* Assets.xcassets in Resources */ = {isa = PBXBuildFile; fileRef = 0C08B0E32BDA10DC00276A62 /* Assets.xcassets */; };
		0C08B0E72BDA10DC00276A62 /* Preview Assets.xcassets in Resources */ = {isa = PBXBuildFile; fileRef = 0C08B0E62BDA10DC00276A62 /* Preview Assets.xcassets */; };
		0C08B0F12BDA10DC00276A62 /* LandmarksTests.swift in Sources */ = {isa = PBXBuildFile; fileRef = 0C08B0F02BDA10DC00276A62 /* LandmarksTests.swift */; };
		0C08B0FB2BDA10DC00276A62 /* LandmarksUITests.swift in Sources */ = {isa = PBXBuildFile; fileRef = 0C08B0FA2BDA10DC00276A62 /* LandmarksUITests.swift */; };
		0C08B0FD2BDA10DC00276A62 /* LandmarksUITestsLaunchTests.swift in Sources */ = {isa = PBXBuildFile; fileRef = 0C08B0FC2BDA10DC00276A62 /* LandmarksUITestsLaunchTests.swift */; };
		0C08B10A2BDA16B800276A62 /* CircleImage.swift in Sources */ = {isa = PBXBuildFile; fileRef = 0C08B1092BDA16B800276A62 /* CircleImage.swift */; };
		0C08B10C2BDA17F400276A62 /* MapView.swift in Sources */ = {isa = PBXBuildFile; fileRef = 0C08B10B2BDA17F400276A62 /* MapView.swift */; };
		0C08B10E2BDA29B200276A62 /* Landmark.swift in Sources */ = {isa = PBXBuildFile; fileRef = 0C08B10D2BDA29B200276A62 /* Landmark.swift */; };
		0C08B1112BDA2A5200276A62 /* landmarkData.json in Resources */ = {isa = PBXBuildFile; fileRef = 0C08B1102BDA2A5200276A62 /* landmarkData.json */; };
		0C08B1132BDA2AD000276A62 /* ModelData.swift in Sources */ = {isa = PBXBuildFile; fileRef = 0C08B1122BDA2AD000276A62 /* ModelData.swift */; };
		0C08B1172BDB33F700276A62 /* LandmarkRow.swift in Sources */ = {isa = PBXBuildFile; fileRef = 0C08B1162BDB33F700276A62 /* LandmarkRow.swift */; };
		0C08B1192BDB375500276A62 /* LandmarkList.swift in Sources */ = {isa = PBXBuildFile; fileRef = 0C08B1182BDB375500276A62 /* LandmarkList.swift */; };
		0C08B11B2BDB3AA200276A62 /* LandmarkDetail.swift in Sources */ = {isa = PBXBuildFile; fileRef = 0C08B11A2BDB3AA200276A62 /* LandmarkDetail.swift */; };
/* End PBXBuildFile section */

/* Begin PBXContainerItemProxy section */
		0C08B0ED2BDA10DC00276A62 /* PBXContainerItemProxy */ = {
			isa = PBXContainerItemProxy;
			containerPortal = 0C08B0D42BDA10DB00276A62 /* Project object */;
			proxyType = 1;
			remoteGlobalIDString = 0C08B0DB2BDA10DB00276A62;
			remoteInfo = Landmarks;
		};
		0C08B0F72BDA10DC00276A62 /* PBXContainerItemProxy */ = {
			isa = PBXContainerItemProxy;
			containerPortal = 0C08B0D42BDA10DB00276A62 /* Project object */;
			proxyType = 1;
			remoteGlobalIDString = 0C08B0DB2BDA10DB00276A62;
			remoteInfo = Landmarks;
		};
/* End PBXContainerItemProxy section */

/* Begin PBXFileReference section */
		0C08B0DC2BDA10DB00276A62 /* Landmarks.app */ = {isa = PBXFileReference; explicitFileType = wrapper.application; includeInIndex = 0; path = Landmarks.app; sourceTree = BUILT_PRODUCTS_DIR; };
		0C08B0DF2BDA10DB00276A62 /* LandmarksApp.swift */ = {isa = PBXFileReference; lastKnownFileType = sourcecode.swift; path = LandmarksApp.swift; sourceTree = "<group>"; };
		0C08B0E12BDA10DB00276A62 /* ContentView.swift */ = {isa = PBXFileReference; lastKnownFileType = sourcecode.swift; path = ContentView.swift; sourceTree = "<group>"; };
		0C08B0E32BDA10DC00276A62 /* Assets.xcassets */ = {isa = PBXFileReference; lastKnownFileType = folder.assetcatalog; path = Assets.xcassets; sourceTree = "<group>"; };
		0C08B0E62BDA10DC00276A62 /* Preview Assets.xcassets */ = {isa = PBXFileReference; lastKnownFileType = folder.assetcatalog; path = "Preview Assets.xcassets"; sourceTree = "<group>"; };
		0C08B0EC2BDA10DC00276A62 /* LandmarksTests.xctest */ = {isa = PBXFileReference; explicitFileType = wrapper.cfbundle; includeInIndex = 0; path = LandmarksTests.xctest; sourceTree = BUILT_PRODUCTS_DIR; };
		0C08B0F02BDA10DC00276A62 /* LandmarksTests.swift */ = {isa = PBXFileReference; lastKnownFileType = sourcecode.swift; path = LandmarksTests.swift; sourceTree = "<group>"; };
		0C08B0F62BDA10DC00276A62 /* LandmarksUITests.xctest */ = {isa = PBXFileReference; explicitFileType = wrapper.cfbundle; includeInIndex = 0; path = LandmarksUITests.xctest; sourceTree = BUILT_PRODUCTS_DIR; };
		0C08B0FA2BDA10DC00276A62 /* LandmarksUITests.swift */ = {isa = PBXFileReference; lastKnownFileType = sourcecode.swift; path = LandmarksUITests.swift; sourceTree = "<group>"; };
		0C08B0FC2BDA10DC00276A62 /* LandmarksUITestsLaunchTests.swift */ = {isa = PBXFileReference; lastKnownFileType = sourcecode.swift; path = LandmarksUITestsLaunchTests.swift; sourceTree = "<group>"; };
		0C08B1092BDA16B800276A62 /* CircleImage.swift */ = {isa = PBXFileReference; lastKnownFileType = sourcecode.swift; path = CircleImage.swift; sourceTree = "<group>"; };
		0C08B10B2BDA17F400276A62 /* MapView.swift */ = {isa = PBXFileReference; lastKnownFileType = sourcecode.swift; path = MapView.swift; sourceTree = "<group>"; };
		0C08B10D2BDA29B200276A62 /* Landmark.swift */ = {isa = PBXFileReference; lastKnownFileType = sourcecode.swift; path = Landmark.swift; sourceTree = "<group>"; };
		0C08B1102BDA2A5200276A62 /* landmarkData.json */ = {isa = PBXFileReference; fileEncoding = 4; lastKnownFileType = text.json; path = landmarkData.json; sourceTree = "<group>"; };
		0C08B1122BDA2AD000276A62 /* ModelData.swift */ = {isa = PBXFileReference; lastKnownFileType = sourcecode.swift; path = ModelData.swift; sourceTree = "<group>"; };
		0C08B1162BDB33F700276A62 /* LandmarkRow.swift */ = {isa = PBXFileReference; lastKnownFileType = sourcecode.swift; path = LandmarkRow.swift; sourceTree = "<group>"; };
		0C08B1182BDB375500276A62 /* LandmarkList.swift */ = {isa = PBXFileReference; lastKnownFileType = sourcecode.swift; path = LandmarkList.swift; sourceTree = "<group>"; };
		0C08B11A2BDB3AA200276A62 /* LandmarkDetail.swift */ = {isa = PBXFileReference; lastKnownFileType = sourcecode.swift; path = LandmarkDetail.swift; sourceTree = "<group>"; };
/* End PBXFileReference section */

/* Begin PBXFrameworksBuildPhase section */
		0C08B0D92BDA10DB00276A62 /* Frameworks */ = {
			isa = PBXFrameworksBuildPhase;
			buildActionMask = 2147483647;
			files = (
			);
			runOnlyForDeploymentPostprocessing = 0;
		};
		0C08B0E92BDA10DC00276A62 /* Frameworks */ = {
			isa = PBXFrameworksBuildPhase;
			buildActionMask = 2147483647;
			files = (
			);
			runOnlyForDeploymentPostprocessing = 0;
		};
		0C08B0F32BDA10DC00276A62 /* Frameworks */ = {
			isa = PBXFrameworksBuildPhase;
			buildActionMask = 2147483647;
			files = (
			);
			runOnlyForDeploymentPostprocessing = 0;
		};
/* End PBXFrameworksBuildPhase section */

/* Begin PBXGroup section */
		0C08B0D32BDA10DB00276A62 = {
			isa = PBXGroup;
			children = (
				0C08B0DE2BDA10DB00276A62 /* Landmarks */,
				0C08B0EF2BDA10DC00276A62 /* LandmarksTests */,
				0C08B0F92BDA10DC00276A62 /* LandmarksUITests */,
				0C08B0DD2BDA10DB00276A62 /* Products */,
			);
			sourceTree = "<group>";
		};
		0C08B0DD2BDA10DB00276A62 /* Products */ = {
			isa = PBXGroup;
			children = (
				0C08B0DC2BDA10DB00276A62 /* Landmarks.app */,
				0C08B0EC2BDA10DC00276A62 /* LandmarksTests.xctest */,
				0C08B0F62BDA10DC00276A62 /* LandmarksUITests.xctest */,
			);
			name = Products;
			sourceTree = "<group>";
		};
		0C08B0DE2BDA10DB00276A62 /* Landmarks */ = {
			isa = PBXGroup;
			children = (
				0C08B1152BDA2B3800276A62 /* Model */,
				0C08B1142BDA2B1700276A62 /* Views */,
				0C08B10F2BDA2A3A00276A62 /* Resources */,
				0C08B0DF2BDA10DB00276A62 /* LandmarksApp.swift */,
				0C08B0E32BDA10DC00276A62 /* Assets.xcassets */,
				0C08B0E52BDA10DC00276A62 /* Preview Content */,
			);
			path = Landmarks;
			sourceTree = "<group>";
		};
		0C08B0E52BDA10DC00276A62 /* Preview Content */ = {
			isa = PBXGroup;
			children = (
				0C08B0E62BDA10DC00276A62 /* Preview Assets.xcassets */,
			);
			path = "Preview Content";
			sourceTree = "<group>";
		};
		0C08B0EF2BDA10DC00276A62 /* LandmarksTests */ = {
			isa = PBXGroup;
			children = (
				0C08B0F02BDA10DC00276A62 /* LandmarksTests.swift */,
			);
			path = LandmarksTests;
			sourceTree = "<group>";
		};
		0C08B0F92BDA10DC00276A62 /* LandmarksUITests */ = {
			isa = PBXGroup;
			children = (
				0C08B0FA2BDA10DC00276A62 /* LandmarksUITests.swift */,
				0C08B0FC2BDA10DC00276A62 /* LandmarksUITestsLaunchTests.swift */,
			);
			path = LandmarksUITests;
			sourceTree = "<group>";
		};
		0C08B10F2BDA2A3A00276A62 /* Resources */ = {
			isa = PBXGroup;
			children = (
				0C08B1102BDA2A5200276A62 /* landmarkData.json */,
			);
			path = Resources;
			sourceTree = "<group>";
		};
		0C08B1142BDA2B1700276A62 /* Views */ = {
			isa = PBXGroup;
			children = (
				0C08B1092BDA16B800276A62 /* CircleImage.swift */,
				0C08B10B2BDA17F400276A62 /* MapView.swift */,
				0C08B0E12BDA10DB00276A62 /* ContentView.swift */,
				0C08B1162BDB33F700276A62 /* LandmarkRow.swift */,
				0C08B1182BDB375500276A62 /* LandmarkList.swift */,
				0C08B11A2BDB3AA200276A62 /* LandmarkDetail.swift */,
			);
			path = Views;
			sourceTree = "<group>";
		};
		0C08B1152BDA2B3800276A62 /* Model */ = {
			isa = PBXGroup;
			children = (
				0C08B10D2BDA29B200276A62 /* Landmark.swift */,
				0C08B1122BDA2AD000276A62 /* ModelData.swift */,
			);
			path = Model;
			sourceTree = "<group>";
		};
/* End PBXGroup section */

/* Begin PBXNativeTarget section */
		0C08B0DB2BDA10DB00276A62 /* Landmarks */ = {
			isa = PBXNativeTarget;
			buildConfigurationList = 0C08B1002BDA10DC00276A62 /* Build configuration list for PBXNativeTarget "Landmarks" */;
			buildPhases = (
				0C08B0D82BDA10DB00276A62 /* Sources */,
				0C08B0D92BDA10DB00276A62 /* Frameworks */,
				0C08B0DA2BDA10DB00276A62 /* Resources */,
			);
			buildRules = (
			);
			dependencies = (
			);
			name = Landmarks;
			productName = Landmarks;
			productReference = 0C08B0DC2BDA10DB00276A62 /* Landmarks.app */;
			productType = "com.apple.product-type.application";
		};
		0C08B0EB2BDA10DC00276A62 /* LandmarksTests */ = {
			isa = PBXNativeTarget;
			buildConfigurationList = 0C08B1032BDA10DC00276A62 /* Build configuration list for PBXNativeTarget "LandmarksTests" */;
			buildPhases = (
				0C08B0E82BDA10DC00276A62 /* Sources */,
				0C08B0E92BDA10DC00276A62 /* Frameworks */,
				0C08B0EA2BDA10DC00276A62 /* Resources */,
			);
			buildRules = (
			);
			dependencies = (
				0C08B0EE2BDA10DC00276A62 /* PBXTargetDependency */,
			);
			name = LandmarksTests;
			productName = LandmarksTests;
			productReference = 0C08B0EC2BDA10DC00276A62 /* LandmarksTests.xctest */;
			productType = "com.apple.product-type.bundle.unit-test";
		};
		0C08B0F52BDA10DC00276A62 /* LandmarksUITests */ = {
			isa = PBXNativeTarget;
			buildConfigurationList = 0C08B1062BDA10DC00276A62 /* Build configuration list for PBXNativeTarget "LandmarksUITests" */;
			buildPhases = (
				0C08B0F22BDA10DC00276A62 /* Sources */,
				0C08B0F32BDA10DC00276A62 /* Frameworks */,
				0C08B0F42BDA10DC00276A62 /* Resources */,
			);
			buildRules = (
			);
			dependencies = (
				0C08B0F82BDA10DC00276A62 /* PBXTargetDependency */,
			);
			name = LandmarksUITests;
			productName = LandmarksUITests;
			productReference = 0C08B0F62BDA10DC00276A62 /* LandmarksUITests.xctest */;
			productType = "com.apple.product-type.bundle.ui-testing";
		};
/* End PBXNativeTarget section */

/* Begin PBXProject section */
		0C08B0D42BDA10DB00276A62 /* Project object */ = {
			isa = PBXProject;
			attributes = {
				BuildIndependentTargetsInParallel = 1;
				LastSwiftUpdateCheck = 1520;
				LastUpgradeCheck = 1520;
				TargetAttributes = {
					0C08B0DB2BDA10DB00276A62 = {
						CreatedOnToolsVersion = 15.2;
					};
					0C08B0EB2BDA10DC00276A62 = {
						CreatedOnToolsVersion = 15.2;
						TestTargetID = 0C08B0DB2BDA10DB00276A62;
					};
					0C08B0F52BDA10DC00276A62 = {
						CreatedOnToolsVersion = 15.2;
						TestTargetID = 0C08B0DB2BDA10DB00276A62;
					};
				};
			};
			buildConfigurationList = 0C08B0D72BDA10DB00276A62 /* Build configuration list for PBXProject "Landmarks" */;
			compatibilityVersion = "Xcode 14.0";
			developmentRegion = en;
			hasScannedForEncodings = 0;
			knownRegions = (
				en,
				Base,
			);
			mainGroup = 0C08B0D32BDA10DB00276A62;
			productRefGroup = 0C08B0DD2BDA10DB00276A62 /* Products */;
			projectDirPath = "";
			projectRoot = "";
			targets = (
				0C08B0DB2BDA10DB00276A62 /* Landmarks */,
				0C08B0EB2BDA10DC00276A62 /* LandmarksTests */,
				0C08B0F52BDA10DC00276A62 /* LandmarksUITests */,
			);
		};
/* End PBXProject section */

/* Begin PBXResourcesBuildPhase section */
		0C08B0DA2BDA10DB00276A62 /* Resources */ = {
			isa = PBXResourcesBuildPhase;
			buildActionMask = 2147483647;
			files = (
				0C08B0E72BDA10DC00276A62 /* Preview Assets.xcassets in Resources */,
				0C08B0E42BDA10DC00276A62 /* Assets.xcassets in Resources */,
				0C08B1112BDA2A5200276A62 /* landmarkData.json in Resources */,
			);
			runOnlyForDeploymentPostprocessing = 0;
		};
		0C08B0EA2BDA10DC00276A62 /* Resources */ = {
			isa = PBXResourcesBuildPhase;
			buildActionMask = 2147483647;
			files = (
			);
			runOnlyForDeploymentPostprocessing = 0;
		};
		0C08B0F42BDA10DC00276A62 /* Resources */ = {
			isa = PBXResourcesBuildPhase;
			buildActionMask = 2147483647;
			files = (
			);
			runOnlyForDeploymentPostprocessing = 0;
		};
/* End PBXResourcesBuildPhase section */

/* Begin PBXSourcesBuildPhase section */
		0C08B0D82BDA10DB00276A62 /* Sources */ = {
			isa = PBXSourcesBuildPhase;
			buildActionMask = 2147483647;
			files = (
				0C08B0E22BDA10DB00276A62 /* ContentView.swift in Sources */,
				0C08B10C2BDA17F400276A62 /* MapView.swift in Sources */,
				0C08B0E02BDA10DB00276A62 /* LandmarksApp.swift in Sources */,
				0C08B1192BDB375500276A62 /* LandmarkList.swift in Sources */,
				0C08B11B2BDB3AA200276A62 /* LandmarkDetail.swift in Sources */,
				0C08B10A2BDA16B800276A62 /* CircleImage.swift in Sources */,
				0C08B10E2BDA29B200276A62 /* Landmark.swift in Sources */,
				0C08B1172BDB33F700276A62 /* LandmarkRow.swift in Sources */,
				0C08B1132BDA2AD000276A62 /* ModelData.swift in Sources */,
			);
			runOnlyForDeploymentPostprocessing = 0;
		};
		0C08B0E82BDA10DC00276A62 /* Sources */ = {
			isa = PBXSourcesBuildPhase;
			buildActionMask = 2147483647;
			files = (
				0C08B0F12BDA10DC00276A62 /* LandmarksTests.swift in Sources */,
			);
			runOnlyForDeploymentPostprocessing = 0;
		};
		0C08B0F22BDA10DC00276A62 /* Sources */ = {
			isa = PBXSourcesBuildPhase;
			buildActionMask = 2147483647;
			files = (
				0C08B0FD2BDA10DC00276A62 /* LandmarksUITestsLaunchTests.swift in Sources */,
				0C08B0FB2BDA10DC00276A62 /* LandmarksUITests.swift in Sources */,
			);
			runOnlyForDeploymentPostprocessing = 0;
		};
/* End PBXSourcesBuildPhase section */

/* Begin PBXTargetDependency section */
		0C08B0EE2BDA10DC00276A62 /* PBXTargetDependency */ = {
			isa = PBXTargetDependency;
			target = 0C08B0DB2BDA10DB00276A62 /* Landmarks */;
			targetProxy = 0C08B0ED2BDA10DC00276A62 /* PBXContainerItemProxy */;
		};
		0C08B0F82BDA10DC00276A62 /* PBXTargetDependency */ = {
			isa = PBXTargetDependency;
			target = 0C08B0DB2BDA10DB00276A62 /* Landmarks */;
			targetProxy = 0C08B0F72BDA10DC00276A62 /* PBXContainerItemProxy */;
		};
/* End PBXTargetDependency section */

/* Begin XCBuildConfiguration section */
		0C08B0FE2BDA10DC00276A62 /* Debug */ = {
			isa = XCBuildConfiguration;
			buildSettings = {
				ALWAYS_SEARCH_USER_PATHS = NO;
				ASSETCATALOG_COMPILER_GENERATE_SWIFT_ASSET_SYMBOL_EXTENSIONS = YES;
				CLANG_ANALYZER_NONNULL = YES;
				CLANG_ANALYZER_NUMBER_OBJECT_CONVERSION = YES_AGGRESSIVE;
				CLANG_CXX_LANGUAGE_STANDARD = "gnu++20";
				CLANG_ENABLE_MODULES = YES;
				CLANG_ENABLE_OBJC_ARC = YES;
				CLANG_ENABLE_OBJC_WEAK = YES;
				CLANG_WARN_BLOCK_CAPTURE_AUTORELEASING = YES;
				CLANG_WARN_BOOL_CONVERSION = YES;
				CLANG_WARN_COMMA = YES;
				CLANG_WARN_CONSTANT_CONVERSION = YES;
				CLANG_WARN_DEPRECATED_OBJC_IMPLEMENTATIONS = YES;
				CLANG_WARN_DIRECT_OBJC_ISA_USAGE = YES_ERROR;
				CLANG_WARN_DOCUMENTATION_COMMENTS = YES;
				CLANG_WARN_EMPTY_BODY = YES;
				CLANG_WARN_ENUM_CONVERSION = YES;
				CLANG_WARN_INFINITE_RECURSION = YES;
				CLANG_WARN_INT_CONVERSION = YES;
				CLANG_WARN_NON_LITERAL_NULL_CONVERSION = YES;
				CLANG_WARN_OBJC_IMPLICIT_RETAIN_SELF = YES;
				CLANG_WARN_OBJC_LITERAL_CONVERSION = YES;
				CLANG_WARN_OBJC_ROOT_CLASS = YES_ERROR;
				CLANG_WARN_QUOTED_INCLUDE_IN_FRAMEWORK_HEADER = YES;
				CLANG_WARN_RANGE_LOOP_ANALYSIS = YES;
				CLANG_WARN_STRICT_PROTOTYPES = YES;
				CLANG_WARN_SUSPICIOUS_MOVE = YES;
				CLANG_WARN_UNGUARDED_AVAILABILITY = YES_AGGRESSIVE;
				CLANG_WARN_UNREACHABLE_CODE = YES;
				CLANG_WARN__DUPLICATE_METHOD_MATCH = YES;
				COPY_PHASE_STRIP = NO;
				DEBUG_INFORMATION_FORMAT = dwarf;
				ENABLE_STRICT_OBJC_MSGSEND = YES;
				ENABLE_TESTABILITY = YES;
				ENABLE_USER_SCRIPT_SANDBOXING = YES;
				GCC_C_LANGUAGE_STANDARD = gnu17;
				GCC_DYNAMIC_NO_PIC = NO;
				GCC_NO_COMMON_BLOCKS = YES;
				GCC_OPTIMIZATION_LEVEL = 0;
				GCC_PREPROCESSOR_DEFINITIONS = (
					"DEBUG=1",
					"$(inherited)",
				);
				GCC_WARN_64_TO_32_BIT_CONVERSION = YES;
				GCC_WARN_ABOUT_RETURN_TYPE = YES_ERROR;
				GCC_WARN_UNDECLARED_SELECTOR = YES;
				GCC_WARN_UNINITIALIZED_AUTOS = YES_AGGRESSIVE;
				GCC_WARN_UNUSED_FUNCTION = YES;
				GCC_WARN_UNUSED_VARIABLE = YES;
				IPHONEOS_DEPLOYMENT_TARGET = 17.2;
				LOCALIZATION_PREFERS_STRING_CATALOGS = YES;
				MTL_ENABLE_DEBUG_INFO = INCLUDE_SOURCE;
				MTL_FAST_MATH = YES;
				ONLY_ACTIVE_ARCH = YES;
				SDKROOT = iphoneos;
				SWIFT_ACTIVE_COMPILATION_CONDITIONS = "DEBUG $(inherited)";
				SWIFT_OPTIMIZATION_LEVEL = "-Onone";
			};
			name = Debug;
		};
		0C08B0FF2BDA10DC00276A62 /* Release */ = {
			isa = XCBuildConfiguration;
			buildSettings = {
				ALWAYS_SEARCH_USER_PATHS = NO;
				ASSETCATALOG_COMPILER_GENERATE_SWIFT_ASSET_SYMBOL_EXTENSIONS = YES;
				CLANG_ANALYZER_NONNULL = YES;
				CLANG_ANALYZER_NUMBER_OBJECT_CONVERSION = YES_AGGRESSIVE;
				CLANG_CXX_LANGUAGE_STANDARD = "gnu++20";
				CLANG_ENABLE_MODULES = YES;
				CLANG_ENABLE_OBJC_ARC = YES;
				CLANG_ENABLE_OBJC_WEAK = YES;
				CLANG_WARN_BLOCK_CAPTURE_AUTORELEASING = YES;
				CLANG_WARN_BOOL_CONVERSION = YES;
				CLANG_WARN_COMMA = YES;
				CLANG_WARN_CONSTANT_CONVERSION = YES;
				CLANG_WARN_DEPRECATED_OBJC_IMPLEMENTATIONS = YES;
				CLANG_WARN_DIRECT_OBJC_ISA_USAGE = YES_ERROR;
				CLANG_WARN_DOCUMENTATION_COMMENTS = YES;
				CLANG_WARN_EMPTY_BODY = YES;
				CLANG_WARN_ENUM_CONVERSION = YES;
				CLANG_WARN_INFINITE_RECURSION = YES;
				CLANG_WARN_INT_CONVERSION = YES;
				CLANG_WARN_NON_LITERAL_NULL_CONVERSION = YES;
				CLANG_WARN_OBJC_IMPLICIT_RETAIN_SELF = YES;
				CLANG_WARN_OBJC_LITERAL_CONVERSION = YES;
				CLANG_WARN_OBJC_ROOT_CLASS = YES_ERROR;
				CLANG_WARN_QUOTED_INCLUDE_IN_FRAMEWORK_HEADER = YES;
				CLANG_WARN_RANGE_LOOP_ANALYSIS = YES;
				CLANG_WARN_STRICT_PROTOTYPES = YES;
				CLANG_WARN_SUSPICIOUS_MOVE = YES;
				CLANG_WARN_UNGUARDED_AVAILABILITY = YES_AGGRESSIVE;
				CLANG_WARN_UNREACHABLE_CODE = YES;
				CLANG_WARN__DUPLICATE_METHOD_MATCH = YES;
				COPY_PHASE_STRIP = NO;
				DEBUG_INFORMATION_FORMAT = "dwarf-with-dsym";
				ENABLE_NS_ASSERTIONS = NO;
				ENABLE_STRICT_OBJC_MSGSEND = YES;
				ENABLE_USER_SCRIPT_SANDBOXING = YES;
				GCC_C_LANGUAGE_STANDARD = gnu17;
				GCC_NO_COMMON_BLOCKS = YES;
				GCC_WARN_64_TO_32_BIT_CONVERSION = YES;
				GCC_WARN_ABOUT_RETURN_TYPE = YES_ERROR;
				GCC_WARN_UNDECLARED_SELECTOR = YES;
				GCC_WARN_UNINITIALIZED_AUTOS = YES_AGGRESSIVE;
				GCC_WARN_UNUSED_FUNCTION = YES;
				GCC_WARN_UNUSED_VARIABLE = YES;
				IPHONEOS_DEPLOYMENT_TARGET = 17.2;
				LOCALIZATION_PREFERS_STRING_CATALOGS = YES;
				MTL_ENABLE_DEBUG_INFO = NO;
				MTL_FAST_MATH = YES;
				SDKROOT = iphoneos;
				SWIFT_COMPILATION_MODE = wholemodule;
				VALIDATE_PRODUCT = YES;
			};
			name = Release;
		};
		0C08B1012BDA10DC00276A62 /* Debug */ = {
			isa = XCBuildConfiguration;
			buildSettings = {
				ASSETCATALOG_COMPILER_APPICON_NAME = AppIcon;
				ASSETCATALOG_COMPILER_GLOBAL_ACCENT_COLOR_NAME = AccentColor;
				CODE_SIGN_STYLE = Automatic;
				CURRENT_PROJECT_VERSION = 1;
				DEVELOPMENT_ASSET_PATHS = "\"Landmarks/Preview Content\"";
				ENABLE_PREVIEWS = YES;
				GENERATE_INFOPLIST_FILE = YES;
				INFOPLIST_KEY_UIApplicationSceneManifest_Generation = YES;
				INFOPLIST_KEY_UIApplicationSupportsIndirectInputEvents = YES;
				INFOPLIST_KEY_UILaunchScreen_Generation = YES;
				INFOPLIST_KEY_UISupportedInterfaceOrientations_iPad = "UIInterfaceOrientationPortrait UIInterfaceOrientationPortraitUpsideDown UIInterfaceOrientationLandscapeLeft UIInterfaceOrientationLandscapeRight";
				INFOPLIST_KEY_UISupportedInterfaceOrientations_iPhone = "UIInterfaceOrientationPortrait UIInterfaceOrientationLandscapeLeft UIInterfaceOrientationLandscapeRight";
				LD_RUNPATH_SEARCH_PATHS = (
					"$(inherited)",
					"@executable_path/Frameworks",
				);
				MARKETING_VERSION = 1.0;
				PRODUCT_BUNDLE_IDENTIFIER = Shelfinna.Landmarks;
				PRODUCT_NAME = "$(TARGET_NAME)";
				SWIFT_EMIT_LOC_STRINGS = YES;
				SWIFT_VERSION = 5.0;
				TARGETED_DEVICE_FAMILY = "1,2";
			};
			name = Debug;
		};
		0C08B1022BDA10DC00276A62 /* Release */ = {
			isa = XCBuildConfiguration;
			buildSettings = {
				ASSETCATALOG_COMPILER_APPICON_NAME = AppIcon;
				ASSETCATALOG_COMPILER_GLOBAL_ACCENT_COLOR_NAME = AccentColor;
				CODE_SIGN_STYLE = Automatic;
				CURRENT_PROJECT_VERSION = 1;
				DEVELOPMENT_ASSET_PATHS = "\"Landmarks/Preview Content\"";
				ENABLE_PREVIEWS = YES;
				GENERATE_INFOPLIST_FILE = YES;
				INFOPLIST_KEY_UIApplicationSceneManifest_Generation = YES;
				INFOPLIST_KEY_UIApplicationSupportsIndirectInputEvents = YES;
				INFOPLIST_KEY_UILaunchScreen_Generation = YES;
				INFOPLIST_KEY_UISupportedInterfaceOrientations_iPad = "UIInterfaceOrientationPortrait UIInterfaceOrientationPortraitUpsideDown UIInterfaceOrientationLandscapeLeft UIInterfaceOrientationLandscapeRight";
				INFOPLIST_KEY_UISupportedInterfaceOrientations_iPhone = "UIInterfaceOrientationPortrait UIInterfaceOrientationLandscapeLeft UIInterfaceOrientationLandscapeRight";
				LD_RUNPATH_SEARCH_PATHS = (
					"$(inherited)",
					"@executable_path/Frameworks",
				);
				MARKETING_VERSION = 1.0;
				PRODUCT_BUNDLE_IDENTIFIER = Shelfinna.Landmarks;
				PRODUCT_NAME = "$(TARGET_NAME)";
				SWIFT_EMIT_LOC_STRINGS = YES;
				SWIFT_VERSION = 5.0;
				TARGETED_DEVICE_FAMILY = "1,2";
			};
			name = Release;
		};
		0C08B1042BDA10DC00276A62 /* Debug */ = {
			isa = XCBuildConfiguration;
			buildSettings = {
				ALWAYS_EMBED_SWIFT_STANDARD_LIBRARIES = YES;
				BUNDLE_LOADER = "$(TEST_HOST)";
				CODE_SIGN_STYLE = Automatic;
				CURRENT_PROJECT_VERSION = 1;
				GENERATE_INFOPLIST_FILE = YES;
				IPHONEOS_DEPLOYMENT_TARGET = 17.2;
				MARKETING_VERSION = 1.0;
				PRODUCT_BUNDLE_IDENTIFIER = Shelfinna.LandmarksTests;
				PRODUCT_NAME = "$(TARGET_NAME)";
				SWIFT_EMIT_LOC_STRINGS = NO;
				SWIFT_VERSION = 5.0;
				TARGETED_DEVICE_FAMILY = "1,2";
				TEST_HOST = "$(BUILT_PRODUCTS_DIR)/Landmarks.app/$(BUNDLE_EXECUTABLE_FOLDER_PATH)/Landmarks";
			};
			name = Debug;
		};
		0C08B1052BDA10DC00276A62 /* Release */ = {
			isa = XCBuildConfiguration;
			buildSettings = {
				ALWAYS_EMBED_SWIFT_STANDARD_LIBRARIES = YES;
				BUNDLE_LOADER = "$(TEST_HOST)";
				CODE_SIGN_STYLE = Automatic;
				CURRENT_PROJECT_VERSION = 1;
				GENERATE_INFOPLIST_FILE = YES;
				IPHONEOS_DEPLOYMENT_TARGET = 17.2;
				MARKETING_VERSION = 1.0;
				PRODUCT_BUNDLE_IDENTIFIER = Shelfinna.LandmarksTests;
				PRODUCT_NAME = "$(TARGET_NAME)";
				SWIFT_EMIT_LOC_STRINGS = NO;
				SWIFT_VERSION = 5.0;
				TARGETED_DEVICE_FAMILY = "1,2";
				TEST_HOST = "$(BUILT_PRODUCTS_DIR)/Landmarks.app/$(BUNDLE_EXECUTABLE_FOLDER_PATH)/Landmarks";
			};
			name = Release;
		};
		0C08B1072BDA10DC00276A62 /* Debug */ = {
			isa = XCBuildConfiguration;
			buildSettings = {
				ALWAYS_EMBED_SWIFT_STANDARD_LIBRARIES = YES;
				CODE_SIGN_STYLE = Automatic;
				CURRENT_PROJECT_VERSION = 1;
				GENERATE_INFOPLIST_FILE = YES;
				MARKETING_VERSION = 1.0;
				PRODUCT_BUNDLE_IDENTIFIER = Shelfinna.LandmarksUITests;
				PRODUCT_NAME = "$(TARGET_NAME)";
				SWIFT_EMIT_LOC_STRINGS = NO;
				SWIFT_VERSION = 5.0;
				TARGETED_DEVICE_FAMILY = "1,2";
				TEST_TARGET_NAME = Landmarks;
			};
			name = Debug;
		};
		0C08B1082BDA10DC00276A62 /* Release */ = {
			isa = XCBuildConfiguration;
			buildSettings = {
				ALWAYS_EMBED_SWIFT_STANDARD_LIBRARIES = YES;
				CODE_SIGN_STYLE = Automatic;
				CURRENT_PROJECT_VERSION = 1;
				GENERATE_INFOPLIST_FILE = YES;
				MARKETING_VERSION = 1.0;
				PRODUCT_BUNDLE_IDENTIFIER = Shelfinna.LandmarksUITests;
				PRODUCT_NAME = "$(TARGET_NAME)";
				SWIFT_EMIT_LOC_STRINGS = NO;
				SWIFT_VERSION = 5.0;
				TARGETED_DEVICE_FAMILY = "1,2";
				TEST_TARGET_NAME = Landmarks;
			};
			name = Release;
		};
/* End XCBuildConfiguration section */

/* Begin XCConfigurationList section */
		0C08B0D72BDA10DB00276A62 /* Build configuration list for PBXProject "Landmarks" */ = {
			isa = XCConfigurationList;
			buildConfigurations = (
				0C08B0FE2BDA10DC00276A62 /* Debug */,
				0C08B0FF2BDA10DC00276A62 /* Release */,
			);
			defaultConfigurationIsVisible = 0;
			defaultConfigurationName = Release;
		};
		0C08B1002BDA10DC00276A62 /* Build configuration list for PBXNativeTarget "Landmarks" */ = {
			isa = XCConfigurationList;
			buildConfigurations = (
				0C08B1012BDA10DC00276A62 /* Debug */,
				0C08B1022BDA10DC00276A62 /* Release */,
			);
			defaultConfigurationIsVisible = 0;
			defaultConfigurationName = Release;
		};
		0C08B1032BDA10DC00276A62 /* Build configuration list for PBXNativeTarget "LandmarksTests" */ = {
			isa = XCConfigurationList;
			buildConfigurations = (
				0C08B1042BDA10DC00276A62 /* Debug */,
				0C08B1052BDA10DC00276A62 /* Release */,
			);
			defaultConfigurationIsVisible = 0;
			defaultConfigurationName = Release;
		};
		0C08B1062BDA10DC00276A62 /* Build configuration list for PBXNativeTarget "LandmarksUITests" */ = {
			isa = XCConfigurationList;
			buildConfigurations = (
				0C08B1072BDA10DC00276A62 /* Debug */,
				0C08B1082BDA10DC00276A62 /* Release */,
			);
			defaultConfigurationIsVisible = 0;
			defaultConfigurationName = Release;
		};
/* End XCConfigurationList section */
	};
	rootObject = 0C08B0D42BDA10DB00276A62 /* Project object */;
}
